// !$*UTF8*$!
{
	archiveVersion = 1;
	classes = {
	};
	objectVersion = 46;
	objects = {

/* Begin PBXBuildFile section */
		1C0B27571EC5B28B006CDFF1 /* DLHomeMenuItem.m in Sources */ = {isa = PBXBuildFile; fileRef = 1C0B27541EC5B28B006CDFF1 /* DLHomeMenuItem.m */; };
		1C0B27581EC5B28B006CDFF1 /* DLHomePageViewModel.m in Sources */ = {isa = PBXBuildFile; fileRef = 1C0B27561EC5B28B006CDFF1 /* DLHomePageViewModel.m */; };
		1C0B275F1EC5B29B006CDFF1 /* DLCityPopMenuView.m in Sources */ = {isa = PBXBuildFile; fileRef = 1C0B275A1EC5B29B006CDFF1 /* DLCityPopMenuView.m */; };
		1C0B27601EC5B29B006CDFF1 /* DLHomeMenuCollectionViewCell.m in Sources */ = {isa = PBXBuildFile; fileRef = 1C0B275C1EC5B29B006CDFF1 /* DLHomeMenuCollectionViewCell.m */; };
		1C0B27611EC5B29B006CDFF1 /* DLRecommendRouteCollectionViewCell.m in Sources */ = {isa = PBXBuildFile; fileRef = 1C0B275E1EC5B29B006CDFF1 /* DLRecommendRouteCollectionViewCell.m */; };
		1C0B27641EC5B2AE006CDFF1 /* DLRecommendRouteModel.m in Sources */ = {isa = PBXBuildFile; fileRef = 1C0B27631EC5B2AE006CDFF1 /* DLRecommendRouteModel.m */; };
		1C0B276D1EC5B2BE006CDFF1 /* DLHomeViewController.m in Sources */ = {isa = PBXBuildFile; fileRef = 1C0B27661EC5B2BE006CDFF1 /* DLHomeViewController.m */; };
		1C0B276E1EC5B2BE006CDFF1 /* DLLineTourViewController.m in Sources */ = {isa = PBXBuildFile; fileRef = 1C0B27681EC5B2BE006CDFF1 /* DLLineTourViewController.m */; };
		1C0B276F1EC5B2BE006CDFF1 /* DLMenuViewController.m in Sources */ = {isa = PBXBuildFile; fileRef = 1C0B276A1EC5B2BE006CDFF1 /* DLMenuViewController.m */; };
		1C0B27701EC5B2BE006CDFF1 /* DLRecommendRouteViewController.m in Sources */ = {isa = PBXBuildFile; fileRef = 1C0B276C1EC5B2BE006CDFF1 /* DLRecommendRouteViewController.m */; };
		1C0B277C1EC5B2FC006CDFF1 /* domestic-travel.png in Resources */ = {isa = PBXBuildFile; fileRef = 1C0B27721EC5B2FC006CDFF1 /* domestic-travel.png */; };
		1C0B277D1EC5B2FC006CDFF1 /* iv_address.png in Resources */ = {isa = PBXBuildFile; fileRef = 1C0B27731EC5B2FC006CDFF1 /* iv_address.png */; };
		1C0B277E1EC5B2FC006CDFF1 /* nav_2@2x.png in Resources */ = {isa = PBXBuildFile; fileRef = 1C0B27741EC5B2FC006CDFF1 /* nav_2@2x.png */; };
		1C0B277F1EC5B2FC006CDFF1 /* nav_2@3x.png in Resources */ = {isa = PBXBuildFile; fileRef = 1C0B27751EC5B2FC006CDFF1 /* nav_2@3x.png */; };
		1C0B27801EC5B2FC006CDFF1 /* nav_3@2x.png in Resources */ = {isa = PBXBuildFile; fileRef = 1C0B27761EC5B2FC006CDFF1 /* nav_3@2x.png */; };
		1C0B27811EC5B2FC006CDFF1 /* nav_3@3x.png in Resources */ = {isa = PBXBuildFile; fileRef = 1C0B27771EC5B2FC006CDFF1 /* nav_3@3x.png */; };
		1C0B27821EC5B2FC006CDFF1 /* nav_4@2x.png in Resources */ = {isa = PBXBuildFile; fileRef = 1C0B27781EC5B2FC006CDFF1 /* nav_4@2x.png */; };
		1C0B27831EC5B2FC006CDFF1 /* nav_4@3x.png in Resources */ = {isa = PBXBuildFile; fileRef = 1C0B27791EC5B2FC006CDFF1 /* nav_4@3x.png */; };
		1C0B27841EC5B2FC006CDFF1 /* nav_5@2x.png in Resources */ = {isa = PBXBuildFile; fileRef = 1C0B277A1EC5B2FC006CDFF1 /* nav_5@2x.png */; };
		1C0B27851EC5B2FC006CDFF1 /* nav_5@3x.png in Resources */ = {isa = PBXBuildFile; fileRef = 1C0B277B1EC5B2FC006CDFF1 /* nav_5@3x.png */; };
		1C57A3071ECAA0E200C959C9 /* DLLoginViewController.m in Sources */ = {isa = PBXBuildFile; fileRef = 1C57A3061ECAA0E200C959C9 /* DLLoginViewController.m */; };
		1C57A3181ECAA80800C959C9 /* lock@2x.png in Resources */ = {isa = PBXBuildFile; fileRef = 1C57A30C1ECAA80800C959C9 /* lock@2x.png */; };
		1C57A3191ECAA80800C959C9 /* lock@3x.png in Resources */ = {isa = PBXBuildFile; fileRef = 1C57A30D1ECAA80800C959C9 /* lock@3x.png */; };
		1C57A31A1ECAA80800C959C9 /* login_bj@2x.png in Resources */ = {isa = PBXBuildFile; fileRef = 1C57A30E1ECAA80800C959C9 /* login_bj@2x.png */; };
		1C57A31B1ECAA80800C959C9 /* login_bj@3x.png in Resources */ = {isa = PBXBuildFile; fileRef = 1C57A30F1ECAA80800C959C9 /* login_bj@3x.png */; };
		1C57A31C1ECAA80800C959C9 /* login_btn@2x.png in Resources */ = {isa = PBXBuildFile; fileRef = 1C57A3101ECAA80800C959C9 /* login_btn@2x.png */; };
		1C57A31D1ECAA80800C959C9 /* login_btn@3x.png in Resources */ = {isa = PBXBuildFile; fileRef = 1C57A3111ECAA80800C959C9 /* login_btn@3x.png */; };
		1C57A31E1ECAA80800C959C9 /* login_input@2x.png in Resources */ = {isa = PBXBuildFile; fileRef = 1C57A3121ECAA80800C959C9 /* login_input@2x.png */; };
		1C57A31F1ECAA80800C959C9 /* login_input@3x.png in Resources */ = {isa = PBXBuildFile; fileRef = 1C57A3131ECAA80800C959C9 /* login_input@3x.png */; };
		1C57A3221ECAA80800C959C9 /* user@2x.png in Resources */ = {isa = PBXBuildFile; fileRef = 1C57A3161ECAA80800C959C9 /* user@2x.png */; };
		1C57A3231ECAA80800C959C9 /* user@3x.png in Resources */ = {isa = PBXBuildFile; fileRef = 1C57A3171ECAA80800C959C9 /* user@3x.png */; };
		1CA73B0B1ECAEB19009A5812 /* DLLoginView.m in Sources */ = {isa = PBXBuildFile; fileRef = 1CA73B0A1ECAEB19009A5812 /* DLLoginView.m */; };
		1CA73B0D1ECAEBEA009A5812 /* DLLineEnquiryController.m in Sources */ = {isa = PBXBuildFile; fileRef = 1CA73B0C1ECAEBEA009A5812 /* DLLineEnquiryController.m */; };
		1CC993161ECBF791004D10F3 /* DLAlertView.m in Sources */ = {isa = PBXBuildFile; fileRef = 1CC993111ECBF791004D10F3 /* DLAlertView.m */; };
		1CC993171ECBF791004D10F3 /* DLHUDManager.m in Sources */ = {isa = PBXBuildFile; fileRef = 1CC993131ECBF791004D10F3 /* DLHUDManager.m */; };
		1CC9F9121EC20DAD002D7EFB /* Assets.xcassets in Resources */ = {isa = PBXBuildFile; fileRef = 1CC9F90F1EC20DAD002D7EFB /* Assets.xcassets */; };
		1CC9F9171EC20DC0002D7EFB /* LaunchScreen.storyboard in Resources */ = {isa = PBXBuildFile; fileRef = 1CC9F9151EC20DC0002D7EFB /* LaunchScreen.storyboard */; };
		1CC9F91B1EC21679002D7EFB /* UIColor+MSExtension.m in Sources */ = {isa = PBXBuildFile; fileRef = 1CC9F91A1EC21679002D7EFB /* UIColor+MSExtension.m */; };
		1CC9F92B1EC217DF002D7EFB /* NSDate+MSExtension.m in Sources */ = {isa = PBXBuildFile; fileRef = 1CC9F91E1EC217DF002D7EFB /* NSDate+MSExtension.m */; };
		1CC9F92C1EC217DF002D7EFB /* NSString+Extension.m in Sources */ = {isa = PBXBuildFile; fileRef = 1CC9F9201EC217DF002D7EFB /* NSString+Extension.m */; };
		1CC9F92D1EC217DF002D7EFB /* UIBarButtonItem+MSExtension.m in Sources */ = {isa = PBXBuildFile; fileRef = 1CC9F9221EC217DF002D7EFB /* UIBarButtonItem+MSExtension.m */; };
		1CC9F92E1EC217DF002D7EFB /* UIImage+MSExtension.m in Sources */ = {isa = PBXBuildFile; fileRef = 1CC9F9241EC217DF002D7EFB /* UIImage+MSExtension.m */; };
		1CC9F92F1EC217DF002D7EFB /* UIView+LayoutMethods.m in Sources */ = {isa = PBXBuildFile; fileRef = 1CC9F9261EC217DF002D7EFB /* UIView+LayoutMethods.m */; };
		1CC9F9301EC217DF002D7EFB /* UIView+MSExtension.m in Sources */ = {isa = PBXBuildFile; fileRef = 1CC9F9281EC217DF002D7EFB /* UIView+MSExtension.m */; };
		1CC9F9311EC217DF002D7EFB /* UIViewController+MSExtension.m in Sources */ = {isa = PBXBuildFile; fileRef = 1CC9F92A1EC217DF002D7EFB /* UIViewController+MSExtension.m */; };
		1CCD81A71EC2EF01002A80AB /* dalvu_tabar_finance_nor@2x.png in Resources */ = {isa = PBXBuildFile; fileRef = 1CCD819F1EC2EF01002A80AB /* dalvu_tabar_finance_nor@2x.png */; };
		1CCD81A81EC2EF01002A80AB /* dalvu_tabar_finance_pre@2x.png in Resources */ = {isa = PBXBuildFile; fileRef = 1CCD81A01EC2EF01002A80AB /* dalvu_tabar_finance_pre@2x.png */; };
		1CCD81A91EC2EF01002A80AB /* dalvu_tabar_homepage_nor@2x .png in Resources */ = {isa = PBXBuildFile; fileRef = 1CCD81A11EC2EF01002A80AB /* dalvu_tabar_homepage_nor@2x .png */; };
		1CCD81AA1EC2EF01002A80AB /* dalvu_tabar_homepage_pre@2x .png in Resources */ = {isa = PBXBuildFile; fileRef = 1CCD81A21EC2EF01002A80AB /* dalvu_tabar_homepage_pre@2x .png */; };
		1CCD81AB1EC2EF01002A80AB /* dalvu_tabar_my_nor@2x .png in Resources */ = {isa = PBXBuildFile; fileRef = 1CCD81A31EC2EF01002A80AB /* dalvu_tabar_my_nor@2x .png */; };
		1CCD81AC1EC2EF01002A80AB /* dalvu_tabar_my_pre@2x ..png in Resources */ = {isa = PBXBuildFile; fileRef = 1CCD81A41EC2EF01002A80AB /* dalvu_tabar_my_pre@2x ..png */; };
		1CCD81AD1EC2EF01002A80AB /* dalvu_tabar_myorder_nor@2x .png in Resources */ = {isa = PBXBuildFile; fileRef = 1CCD81A51EC2EF01002A80AB /* dalvu_tabar_myorder_nor@2x .png */; };
		1CCD81AE1EC2EF01002A80AB /* dalvu_tabar_myorder_pre@2x .png in Resources */ = {isa = PBXBuildFile; fileRef = 1CCD81A61EC2EF01002A80AB /* dalvu_tabar_myorder_pre@2x .png */; };
		452916781EC1741E0033314F /* main.m in Sources */ = {isa = PBXBuildFile; fileRef = 452916771EC1741E0033314F /* main.m */; };
		4529167B1EC1741E0033314F /* AppDelegate.m in Sources */ = {isa = PBXBuildFile; fileRef = 4529167A1EC1741E0033314F /* AppDelegate.m */; };
		452916A61EC1773C0033314F /* UIDevice+SLExtension.m in Sources */ = {isa = PBXBuildFile; fileRef = 452916A21EC1773C0033314F /* UIDevice+SLExtension.m */; };
		452916A71EC1773C0033314F /* UIViewController+BLMHUD.m in Sources */ = {isa = PBXBuildFile; fileRef = 452916A51EC1773C0033314F /* UIViewController+BLMHUD.m */; };
		452916AB1EC177830033314F /* UIColor+BLMColor.m in Sources */ = {isa = PBXBuildFile; fileRef = 452916AA1EC177830033314F /* UIColor+BLMColor.m */; };
		452C65AD1EC45F8F00C33B67 /* DLMineModel.m in Sources */ = {isa = PBXBuildFile; fileRef = 452C65AA1EC45F8F00C33B67 /* DLMineModel.m */; };
		452C65B21EC45F9700C33B67 /* DLMineCell.m in Sources */ = {isa = PBXBuildFile; fileRef = 452C65B01EC45F9700C33B67 /* DLMineCell.m */; };
		452C65B31EC45F9700C33B67 /* DLMineCell.xib in Resources */ = {isa = PBXBuildFile; fileRef = 452C65B11EC45F9700C33B67 /* DLMineCell.xib */; };
		452C65BD1EC46CBC00C33B67 /* BLM_UploadUserIcon.m in Sources */ = {isa = PBXBuildFile; fileRef = 452C65BC1EC46CBC00C33B67 /* BLM_UploadUserIcon.m */; };
		452C65CC1EC5545C00C33B67 /* MineGeneral.plist in Resources */ = {isa = PBXBuildFile; fileRef = 452C65C81EC5545C00C33B67 /* MineGeneral.plist */; };
		452C65CD1EC5545C00C33B67 /* DLGenralModel.m in Sources */ = {isa = PBXBuildFile; fileRef = 452C65CA1EC5545C00C33B67 /* DLGenralModel.m */; };
		452C65D31EC554AF00C33B67 /* DLGeneralController.m in Sources */ = {isa = PBXBuildFile; fileRef = 452C65CF1EC554AF00C33B67 /* DLGeneralController.m */; };
		452C65D41EC554AF00C33B67 /* DLMineCenterController.m in Sources */ = {isa = PBXBuildFile; fileRef = 452C65D11EC554AF00C33B67 /* DLMineCenterController.m */; };
		452C65D81EC55DFF00C33B67 /* BLMClearCacheTool.m in Sources */ = {isa = PBXBuildFile; fileRef = 452C65D71EC55DFF00C33B67 /* BLMClearCacheTool.m */; };
		45420E971EC997AB0044B9C6 /* DLShopViewController.m in Sources */ = {isa = PBXBuildFile; fileRef = 45420E961EC997AB0044B9C6 /* DLShopViewController.m */; };
		4546E3521EC9B5DB00C7A9A5 /* DLMine.plist in Resources */ = {isa = PBXBuildFile; fileRef = 4546E3511EC9B5DB00C7A9A5 /* DLMine.plist */; };
		4546E3551ECA896700C7A9A5 /* DLChangePersonDataController.m in Sources */ = {isa = PBXBuildFile; fileRef = 4546E3541ECA896700C7A9A5 /* DLChangePersonDataController.m */; };
		4546E3581ECA8AE000C7A9A5 /* DLSortController.m in Sources */ = {isa = PBXBuildFile; fileRef = 4546E3571ECA8AE000C7A9A5 /* DLSortController.m */; };
		4546E35B1ECA8AF800C7A9A5 /* DLRemmendController.m in Sources */ = {isa = PBXBuildFile; fileRef = 4546E35A1ECA8AF800C7A9A5 /* DLRemmendController.m */; };
		4546E35E1ECA8B1500C7A9A5 /* DLMyCustomerController.m in Sources */ = {isa = PBXBuildFile; fileRef = 4546E35D1ECA8B1500C7A9A5 /* DLMyCustomerController.m */; };
		4546E3611ECA8B2A00C7A9A5 /* DLLineQueryController.m in Sources */ = {isa = PBXBuildFile; fileRef = 4546E3601ECA8B2A00C7A9A5 /* DLLineQueryController.m */; };
<<<<<<< HEAD
=======
		4546E3641ECA8BC500C7A9A5 /* DLSupplierqueryController.m in Sources */ = {isa = PBXBuildFile; fileRef = 4546E3631ECA8BC500C7A9A5 /* DLSupplierqueryController.m */; };
		4546E3831ECAE5F200C7A9A5 /* CityData.plist in Resources */ = {isa = PBXBuildFile; fileRef = 4546E3821ECAE5F200C7A9A5 /* CityData.plist */; };
		4546E3931ECAE6F000C7A9A5 /* TLCity.m in Sources */ = {isa = PBXBuildFile; fileRef = 4546E3891ECAE6F000C7A9A5 /* TLCity.m */; };
		4546E3941ECAE6F000C7A9A5 /* TLCityGroupCell.m in Sources */ = {isa = PBXBuildFile; fileRef = 4546E38B1ECAE6F000C7A9A5 /* TLCityGroupCell.m */; };
		4546E3951ECAE6F000C7A9A5 /* TLCityHeaderView.m in Sources */ = {isa = PBXBuildFile; fileRef = 4546E38D1ECAE6F000C7A9A5 /* TLCityHeaderView.m */; };
		4546E3961ECAE6F000C7A9A5 /* TLCityPickerController.m in Sources */ = {isa = PBXBuildFile; fileRef = 4546E38F1ECAE6F000C7A9A5 /* TLCityPickerController.m */; };
		4546E3971ECAE6F000C7A9A5 /* TLCityPickerSearchResultController.m in Sources */ = {isa = PBXBuildFile; fileRef = 4546E3921ECAE6F000C7A9A5 /* TLCityPickerSearchResultController.m */; };
>>>>>>> 145eacaf0ff8dda0fde30317df8b16b88a4a3b1f
		45B262521ECBDDE8001E54D7 /* CoreLocation.framework in Frameworks */ = {isa = PBXBuildFile; fileRef = 45B262511ECBDDE8001E54D7 /* CoreLocation.framework */; };
		45B262561ECBE836001E54D7 /* DLBasePickerView.m in Sources */ = {isa = PBXBuildFile; fileRef = 45B262551ECBE836001E54D7 /* DLBasePickerView.m */; };
		45B262591ECBE8EC001E54D7 /* DLCityPickerView.m in Sources */ = {isa = PBXBuildFile; fileRef = 45B262581ECBE8EC001E54D7 /* DLCityPickerView.m */; };
		45B262651ECC02B4001E54D7 /* DLSupplierqueryController.m in Sources */ = {isa = PBXBuildFile; fileRef = 45B262631ECC02B4001E54D7 /* DLSupplierqueryController.m */; };
		45B262661ECC02B4001E54D7 /* DLSupplierqueryController.xib in Resources */ = {isa = PBXBuildFile; fileRef = 45B262641ECC02B4001E54D7 /* DLSupplierqueryController.xib */; };
		45F4CCA21EC18DF600F4B6BD /* DLNetWorkTool.m in Sources */ = {isa = PBXBuildFile; fileRef = 45F4CCA11EC18DF600F4B6BD /* DLNetWorkTool.m */; };
		45F4CCA51EC18EED00F4B6BD /* DLTabBarController.m in Sources */ = {isa = PBXBuildFile; fileRef = 45F4CCA41EC18EED00F4B6BD /* DLTabBarController.m */; };
		45F4CCAE1EC18FB000F4B6BD /* DLOrderViewController.m in Sources */ = {isa = PBXBuildFile; fileRef = 45F4CCAD1EC18FB000F4B6BD /* DLOrderViewController.m */; };
		45F4CCB11EC18FC300F4B6BD /* DLFianceViewController.m in Sources */ = {isa = PBXBuildFile; fileRef = 45F4CCB01EC18FC300F4B6BD /* DLFianceViewController.m */; };
		45F4CCB61EC1913100F4B6BD /* DLNavigationController.m in Sources */ = {isa = PBXBuildFile; fileRef = 45F4CCB51EC1913100F4B6BD /* DLNavigationController.m */; };
		45F4CCC01EC1C55300F4B6BD /* DLMineViewController.m in Sources */ = {isa = PBXBuildFile; fileRef = 45F4CCBE1EC1C55300F4B6BD /* DLMineViewController.m */; };
		45F4CCC11EC1C55300F4B6BD /* DLMineViewController.xib in Resources */ = {isa = PBXBuildFile; fileRef = 45F4CCBF1EC1C55300F4B6BD /* DLMineViewController.xib */; };
		45F4CD0F1EC2E00000F4B6BD /* MOBFoundation.framework in Frameworks */ = {isa = PBXBuildFile; fileRef = 45F4CD0C1EC2E00000F4B6BD /* MOBFoundation.framework */; };
		45F4CD101EC2E00000F4B6BD /* MOBFoundationEx.framework in Frameworks */ = {isa = PBXBuildFile; fileRef = 45F4CD0D1EC2E00000F4B6BD /* MOBFoundationEx.framework */; };
		45F4CD111EC2E00000F4B6BD /* SMS_SDK.framework in Frameworks */ = {isa = PBXBuildFile; fileRef = 45F4CD0E1EC2E00000F4B6BD /* SMS_SDK.framework */; };
		45F4CD131EC2E01400F4B6BD /* libz.tbd in Frameworks */ = {isa = PBXBuildFile; fileRef = 45F4CD121EC2E01400F4B6BD /* libz.tbd */; };
		45F4CD151EC2E02C00F4B6BD /* libicucore.tbd in Frameworks */ = {isa = PBXBuildFile; fileRef = 45F4CD141EC2E02C00F4B6BD /* libicucore.tbd */; };
		45F4CD171EC2E03900F4B6BD /* MessageUI.framework in Frameworks */ = {isa = PBXBuildFile; fileRef = 45F4CD161EC2E03900F4B6BD /* MessageUI.framework */; };
		45F4CD191EC2E04500F4B6BD /* JavaScriptCore.framework in Frameworks */ = {isa = PBXBuildFile; fileRef = 45F4CD181EC2E04500F4B6BD /* JavaScriptCore.framework */; };
		45F4CD1B1EC2E06000F4B6BD /* libstdc++.tbd in Frameworks */ = {isa = PBXBuildFile; fileRef = 45F4CD1A1EC2E06000F4B6BD /* libstdc++.tbd */; };
		45F4CD1D1EC2E07600F4B6BD /* SystemConfiguration.framework in Frameworks */ = {isa = PBXBuildFile; fileRef = 45F4CD1C1EC2E07600F4B6BD /* SystemConfiguration.framework */; };
		45F4CD1F1EC2E08400F4B6BD /* CoreTelephony.framework in Frameworks */ = {isa = PBXBuildFile; fileRef = 45F4CD1E1EC2E08400F4B6BD /* CoreTelephony.framework */; };
		45F4CD211EC2E08F00F4B6BD /* AdSupport.framework in Frameworks */ = {isa = PBXBuildFile; fileRef = 45F4CD201EC2E08F00F4B6BD /* AdSupport.framework */; };
		45F4CD261EC2EBEF00F4B6BD /* UIColor+Addition.m in Sources */ = {isa = PBXBuildFile; fileRef = 45F4CD251EC2EBEF00F4B6BD /* UIColor+Addition.m */; };
		54AD7240BD172006657C119F /* libPods-Dalv.a in Frameworks */ = {isa = PBXBuildFile; fileRef = DCF0A69B18800572BA7AB443 /* libPods-Dalv.a */; };
/* End PBXBuildFile section */

/* Begin PBXFileReference section */
		10DAA7CAB930BD0E934FD790 /* Pods-Dalv.release.xcconfig */ = {isa = PBXFileReference; includeInIndex = 1; lastKnownFileType = text.xcconfig; name = "Pods-Dalv.release.xcconfig"; path = "Pods/Target Support Files/Pods-Dalv/Pods-Dalv.release.xcconfig"; sourceTree = "<group>"; };
		1C0B27531EC5B28B006CDFF1 /* DLHomeMenuItem.h */ = {isa = PBXFileReference; fileEncoding = 4; lastKnownFileType = sourcecode.c.h; path = DLHomeMenuItem.h; sourceTree = "<group>"; };
		1C0B27541EC5B28B006CDFF1 /* DLHomeMenuItem.m */ = {isa = PBXFileReference; fileEncoding = 4; lastKnownFileType = sourcecode.c.objc; path = DLHomeMenuItem.m; sourceTree = "<group>"; };
		1C0B27551EC5B28B006CDFF1 /* DLHomePageViewModel.h */ = {isa = PBXFileReference; fileEncoding = 4; lastKnownFileType = sourcecode.c.h; path = DLHomePageViewModel.h; sourceTree = "<group>"; };
		1C0B27561EC5B28B006CDFF1 /* DLHomePageViewModel.m */ = {isa = PBXFileReference; fileEncoding = 4; lastKnownFileType = sourcecode.c.objc; path = DLHomePageViewModel.m; sourceTree = "<group>"; };
		1C0B27591EC5B29B006CDFF1 /* DLCityPopMenuView.h */ = {isa = PBXFileReference; fileEncoding = 4; lastKnownFileType = sourcecode.c.h; path = DLCityPopMenuView.h; sourceTree = "<group>"; };
		1C0B275A1EC5B29B006CDFF1 /* DLCityPopMenuView.m */ = {isa = PBXFileReference; fileEncoding = 4; lastKnownFileType = sourcecode.c.objc; path = DLCityPopMenuView.m; sourceTree = "<group>"; };
		1C0B275B1EC5B29B006CDFF1 /* DLHomeMenuCollectionViewCell.h */ = {isa = PBXFileReference; fileEncoding = 4; lastKnownFileType = sourcecode.c.h; path = DLHomeMenuCollectionViewCell.h; sourceTree = "<group>"; };
		1C0B275C1EC5B29B006CDFF1 /* DLHomeMenuCollectionViewCell.m */ = {isa = PBXFileReference; fileEncoding = 4; lastKnownFileType = sourcecode.c.objc; path = DLHomeMenuCollectionViewCell.m; sourceTree = "<group>"; };
		1C0B275D1EC5B29B006CDFF1 /* DLRecommendRouteCollectionViewCell.h */ = {isa = PBXFileReference; fileEncoding = 4; lastKnownFileType = sourcecode.c.h; path = DLRecommendRouteCollectionViewCell.h; sourceTree = "<group>"; };
		1C0B275E1EC5B29B006CDFF1 /* DLRecommendRouteCollectionViewCell.m */ = {isa = PBXFileReference; fileEncoding = 4; lastKnownFileType = sourcecode.c.objc; path = DLRecommendRouteCollectionViewCell.m; sourceTree = "<group>"; };
		1C0B27621EC5B2AE006CDFF1 /* DLRecommendRouteModel.h */ = {isa = PBXFileReference; fileEncoding = 4; lastKnownFileType = sourcecode.c.h; path = DLRecommendRouteModel.h; sourceTree = "<group>"; };
		1C0B27631EC5B2AE006CDFF1 /* DLRecommendRouteModel.m */ = {isa = PBXFileReference; fileEncoding = 4; lastKnownFileType = sourcecode.c.objc; path = DLRecommendRouteModel.m; sourceTree = "<group>"; };
		1C0B27651EC5B2BE006CDFF1 /* DLHomeViewController.h */ = {isa = PBXFileReference; fileEncoding = 4; lastKnownFileType = sourcecode.c.h; path = DLHomeViewController.h; sourceTree = "<group>"; };
		1C0B27661EC5B2BE006CDFF1 /* DLHomeViewController.m */ = {isa = PBXFileReference; fileEncoding = 4; lastKnownFileType = sourcecode.c.objc; path = DLHomeViewController.m; sourceTree = "<group>"; };
		1C0B27671EC5B2BE006CDFF1 /* DLLineTourViewController.h */ = {isa = PBXFileReference; fileEncoding = 4; lastKnownFileType = sourcecode.c.h; path = DLLineTourViewController.h; sourceTree = "<group>"; };
		1C0B27681EC5B2BE006CDFF1 /* DLLineTourViewController.m */ = {isa = PBXFileReference; fileEncoding = 4; lastKnownFileType = sourcecode.c.objc; path = DLLineTourViewController.m; sourceTree = "<group>"; };
		1C0B27691EC5B2BE006CDFF1 /* DLMenuViewController.h */ = {isa = PBXFileReference; fileEncoding = 4; lastKnownFileType = sourcecode.c.h; path = DLMenuViewController.h; sourceTree = "<group>"; };
		1C0B276A1EC5B2BE006CDFF1 /* DLMenuViewController.m */ = {isa = PBXFileReference; fileEncoding = 4; lastKnownFileType = sourcecode.c.objc; path = DLMenuViewController.m; sourceTree = "<group>"; };
		1C0B276B1EC5B2BE006CDFF1 /* DLRecommendRouteViewController.h */ = {isa = PBXFileReference; fileEncoding = 4; lastKnownFileType = sourcecode.c.h; path = DLRecommendRouteViewController.h; sourceTree = "<group>"; };
		1C0B276C1EC5B2BE006CDFF1 /* DLRecommendRouteViewController.m */ = {isa = PBXFileReference; fileEncoding = 4; lastKnownFileType = sourcecode.c.objc; path = DLRecommendRouteViewController.m; sourceTree = "<group>"; };
		1C0B27721EC5B2FC006CDFF1 /* domestic-travel.png */ = {isa = PBXFileReference; lastKnownFileType = image.png; path = "domestic-travel.png"; sourceTree = "<group>"; };
		1C0B27731EC5B2FC006CDFF1 /* iv_address.png */ = {isa = PBXFileReference; lastKnownFileType = image.png; path = iv_address.png; sourceTree = "<group>"; };
		1C0B27741EC5B2FC006CDFF1 /* nav_2@2x.png */ = {isa = PBXFileReference; lastKnownFileType = image.png; path = "nav_2@2x.png"; sourceTree = "<group>"; };
		1C0B27751EC5B2FC006CDFF1 /* nav_2@3x.png */ = {isa = PBXFileReference; lastKnownFileType = image.png; path = "nav_2@3x.png"; sourceTree = "<group>"; };
		1C0B27761EC5B2FC006CDFF1 /* nav_3@2x.png */ = {isa = PBXFileReference; lastKnownFileType = image.png; path = "nav_3@2x.png"; sourceTree = "<group>"; };
		1C0B27771EC5B2FC006CDFF1 /* nav_3@3x.png */ = {isa = PBXFileReference; lastKnownFileType = image.png; path = "nav_3@3x.png"; sourceTree = "<group>"; };
		1C0B27781EC5B2FC006CDFF1 /* nav_4@2x.png */ = {isa = PBXFileReference; lastKnownFileType = image.png; path = "nav_4@2x.png"; sourceTree = "<group>"; };
		1C0B27791EC5B2FC006CDFF1 /* nav_4@3x.png */ = {isa = PBXFileReference; lastKnownFileType = image.png; path = "nav_4@3x.png"; sourceTree = "<group>"; };
		1C0B277A1EC5B2FC006CDFF1 /* nav_5@2x.png */ = {isa = PBXFileReference; lastKnownFileType = image.png; path = "nav_5@2x.png"; sourceTree = "<group>"; };
		1C0B277B1EC5B2FC006CDFF1 /* nav_5@3x.png */ = {isa = PBXFileReference; lastKnownFileType = image.png; path = "nav_5@3x.png"; sourceTree = "<group>"; };
		1C5383F91EC4267900AC30F9 /* Consts.h */ = {isa = PBXFileReference; fileEncoding = 4; lastKnownFileType = sourcecode.c.h; path = Consts.h; sourceTree = "<group>"; };
		1C57A3051ECAA0E200C959C9 /* DLLoginViewController.h */ = {isa = PBXFileReference; fileEncoding = 4; lastKnownFileType = sourcecode.c.h; path = DLLoginViewController.h; sourceTree = "<group>"; };
		1C57A3061ECAA0E200C959C9 /* DLLoginViewController.m */ = {isa = PBXFileReference; fileEncoding = 4; lastKnownFileType = sourcecode.c.objc; path = DLLoginViewController.m; sourceTree = "<group>"; };
		1C57A30C1ECAA80800C959C9 /* lock@2x.png */ = {isa = PBXFileReference; lastKnownFileType = image.png; path = "lock@2x.png"; sourceTree = "<group>"; };
		1C57A30D1ECAA80800C959C9 /* lock@3x.png */ = {isa = PBXFileReference; lastKnownFileType = image.png; path = "lock@3x.png"; sourceTree = "<group>"; };
		1C57A30E1ECAA80800C959C9 /* login_bj@2x.png */ = {isa = PBXFileReference; lastKnownFileType = image.png; path = "login_bj@2x.png"; sourceTree = "<group>"; };
		1C57A30F1ECAA80800C959C9 /* login_bj@3x.png */ = {isa = PBXFileReference; lastKnownFileType = image.png; path = "login_bj@3x.png"; sourceTree = "<group>"; };
		1C57A3101ECAA80800C959C9 /* login_btn@2x.png */ = {isa = PBXFileReference; lastKnownFileType = image.png; path = "login_btn@2x.png"; sourceTree = "<group>"; };
		1C57A3111ECAA80800C959C9 /* login_btn@3x.png */ = {isa = PBXFileReference; lastKnownFileType = image.png; path = "login_btn@3x.png"; sourceTree = "<group>"; };
		1C57A3121ECAA80800C959C9 /* login_input@2x.png */ = {isa = PBXFileReference; lastKnownFileType = image.png; path = "login_input@2x.png"; sourceTree = "<group>"; };
		1C57A3131ECAA80800C959C9 /* login_input@3x.png */ = {isa = PBXFileReference; lastKnownFileType = image.png; path = "login_input@3x.png"; sourceTree = "<group>"; };
		1C57A3161ECAA80800C959C9 /* user@2x.png */ = {isa = PBXFileReference; lastKnownFileType = image.png; path = "user@2x.png"; sourceTree = "<group>"; };
		1C57A3171ECAA80800C959C9 /* user@3x.png */ = {isa = PBXFileReference; lastKnownFileType = image.png; path = "user@3x.png"; sourceTree = "<group>"; };
		1CA73B091ECAEB19009A5812 /* DLLoginView.h */ = {isa = PBXFileReference; fileEncoding = 4; lastKnownFileType = sourcecode.c.h; path = DLLoginView.h; sourceTree = "<group>"; };
		1CA73B0A1ECAEB19009A5812 /* DLLoginView.m */ = {isa = PBXFileReference; fileEncoding = 4; lastKnownFileType = sourcecode.c.objc; path = DLLoginView.m; sourceTree = "<group>"; };
		1CA73B0C1ECAEBEA009A5812 /* DLLineEnquiryController.m */ = {isa = PBXFileReference; fileEncoding = 4; lastKnownFileType = sourcecode.c.objc; path = DLLineEnquiryController.m; sourceTree = "<group>"; };
		1CA73B0E1ECAEE38009A5812 /* DLLineEnquiryController.h */ = {isa = PBXFileReference; fileEncoding = 4; lastKnownFileType = sourcecode.c.h; path = DLLineEnquiryController.h; sourceTree = "<group>"; };
		1CC993101ECBF791004D10F3 /* DLAlertView.h */ = {isa = PBXFileReference; fileEncoding = 4; lastKnownFileType = sourcecode.c.h; path = DLAlertView.h; sourceTree = "<group>"; };
		1CC993111ECBF791004D10F3 /* DLAlertView.m */ = {isa = PBXFileReference; fileEncoding = 4; lastKnownFileType = sourcecode.c.objc; path = DLAlertView.m; sourceTree = "<group>"; };
		1CC993121ECBF791004D10F3 /* DLHUDManager.h */ = {isa = PBXFileReference; fileEncoding = 4; lastKnownFileType = sourcecode.c.h; path = DLHUDManager.h; sourceTree = "<group>"; };
		1CC993131ECBF791004D10F3 /* DLHUDManager.m */ = {isa = PBXFileReference; fileEncoding = 4; lastKnownFileType = sourcecode.c.objc; path = DLHUDManager.m; sourceTree = "<group>"; };
		1CC993141ECBF791004D10F3 /* SynthesizeSingleton.h */ = {isa = PBXFileReference; fileEncoding = 4; lastKnownFileType = sourcecode.c.h; path = SynthesizeSingleton.h; sourceTree = "<group>"; };
		1CC9F90F1EC20DAD002D7EFB /* Assets.xcassets */ = {isa = PBXFileReference; lastKnownFileType = folder.assetcatalog; path = Assets.xcassets; sourceTree = "<group>"; };
		1CC9F9101EC20DAD002D7EFB /* Info.plist */ = {isa = PBXFileReference; fileEncoding = 4; lastKnownFileType = text.plist.xml; path = Info.plist; sourceTree = "<group>"; };
		1CC9F9161EC20DC0002D7EFB /* Base */ = {isa = PBXFileReference; lastKnownFileType = file.storyboard; name = Base; path = Base.lproj/LaunchScreen.storyboard; sourceTree = "<group>"; };
		1CC9F9181EC215B8002D7EFB /* Dalv-PrefixHeader.pch */ = {isa = PBXFileReference; lastKnownFileType = sourcecode.c.h; path = "Dalv-PrefixHeader.pch"; sourceTree = "<group>"; };
		1CC9F9191EC21679002D7EFB /* UIColor+MSExtension.h */ = {isa = PBXFileReference; fileEncoding = 4; lastKnownFileType = sourcecode.c.h; path = "UIColor+MSExtension.h"; sourceTree = "<group>"; };
		1CC9F91A1EC21679002D7EFB /* UIColor+MSExtension.m */ = {isa = PBXFileReference; fileEncoding = 4; lastKnownFileType = sourcecode.c.objc; path = "UIColor+MSExtension.m"; sourceTree = "<group>"; };
		1CC9F91C1EC2172C002D7EFB /* DalvHeader.h */ = {isa = PBXFileReference; lastKnownFileType = sourcecode.c.h; path = DalvHeader.h; sourceTree = "<group>"; };
		1CC9F91D1EC217DF002D7EFB /* NSDate+MSExtension.h */ = {isa = PBXFileReference; fileEncoding = 4; lastKnownFileType = sourcecode.c.h; path = "NSDate+MSExtension.h"; sourceTree = "<group>"; };
		1CC9F91E1EC217DF002D7EFB /* NSDate+MSExtension.m */ = {isa = PBXFileReference; fileEncoding = 4; lastKnownFileType = sourcecode.c.objc; path = "NSDate+MSExtension.m"; sourceTree = "<group>"; };
		1CC9F91F1EC217DF002D7EFB /* NSString+Extension.h */ = {isa = PBXFileReference; fileEncoding = 4; lastKnownFileType = sourcecode.c.h; path = "NSString+Extension.h"; sourceTree = "<group>"; };
		1CC9F9201EC217DF002D7EFB /* NSString+Extension.m */ = {isa = PBXFileReference; fileEncoding = 4; lastKnownFileType = sourcecode.c.objc; path = "NSString+Extension.m"; sourceTree = "<group>"; };
		1CC9F9211EC217DF002D7EFB /* UIBarButtonItem+MSExtension.h */ = {isa = PBXFileReference; fileEncoding = 4; lastKnownFileType = sourcecode.c.h; path = "UIBarButtonItem+MSExtension.h"; sourceTree = "<group>"; };
		1CC9F9221EC217DF002D7EFB /* UIBarButtonItem+MSExtension.m */ = {isa = PBXFileReference; fileEncoding = 4; lastKnownFileType = sourcecode.c.objc; path = "UIBarButtonItem+MSExtension.m"; sourceTree = "<group>"; };
		1CC9F9231EC217DF002D7EFB /* UIImage+MSExtension.h */ = {isa = PBXFileReference; fileEncoding = 4; lastKnownFileType = sourcecode.c.h; path = "UIImage+MSExtension.h"; sourceTree = "<group>"; };
		1CC9F9241EC217DF002D7EFB /* UIImage+MSExtension.m */ = {isa = PBXFileReference; fileEncoding = 4; lastKnownFileType = sourcecode.c.objc; path = "UIImage+MSExtension.m"; sourceTree = "<group>"; };
		1CC9F9251EC217DF002D7EFB /* UIView+LayoutMethods.h */ = {isa = PBXFileReference; fileEncoding = 4; lastKnownFileType = sourcecode.c.h; path = "UIView+LayoutMethods.h"; sourceTree = "<group>"; };
		1CC9F9261EC217DF002D7EFB /* UIView+LayoutMethods.m */ = {isa = PBXFileReference; fileEncoding = 4; lastKnownFileType = sourcecode.c.objc; path = "UIView+LayoutMethods.m"; sourceTree = "<group>"; };
		1CC9F9271EC217DF002D7EFB /* UIView+MSExtension.h */ = {isa = PBXFileReference; fileEncoding = 4; lastKnownFileType = sourcecode.c.h; path = "UIView+MSExtension.h"; sourceTree = "<group>"; };
		1CC9F9281EC217DF002D7EFB /* UIView+MSExtension.m */ = {isa = PBXFileReference; fileEncoding = 4; lastKnownFileType = sourcecode.c.objc; path = "UIView+MSExtension.m"; sourceTree = "<group>"; };
		1CC9F9291EC217DF002D7EFB /* UIViewController+MSExtension.h */ = {isa = PBXFileReference; fileEncoding = 4; lastKnownFileType = sourcecode.c.h; path = "UIViewController+MSExtension.h"; sourceTree = "<group>"; };
		1CC9F92A1EC217DF002D7EFB /* UIViewController+MSExtension.m */ = {isa = PBXFileReference; fileEncoding = 4; lastKnownFileType = sourcecode.c.objc; path = "UIViewController+MSExtension.m"; sourceTree = "<group>"; };
		1CCD819F1EC2EF01002A80AB /* dalvu_tabar_finance_nor@2x.png */ = {isa = PBXFileReference; lastKnownFileType = image.png; path = "dalvu_tabar_finance_nor@2x.png"; sourceTree = "<group>"; };
		1CCD81A01EC2EF01002A80AB /* dalvu_tabar_finance_pre@2x.png */ = {isa = PBXFileReference; lastKnownFileType = image.png; path = "dalvu_tabar_finance_pre@2x.png"; sourceTree = "<group>"; };
		1CCD81A11EC2EF01002A80AB /* dalvu_tabar_homepage_nor@2x .png */ = {isa = PBXFileReference; lastKnownFileType = image.png; path = "dalvu_tabar_homepage_nor@2x .png"; sourceTree = "<group>"; };
		1CCD81A21EC2EF01002A80AB /* dalvu_tabar_homepage_pre@2x .png */ = {isa = PBXFileReference; lastKnownFileType = image.png; path = "dalvu_tabar_homepage_pre@2x .png"; sourceTree = "<group>"; };
		1CCD81A31EC2EF01002A80AB /* dalvu_tabar_my_nor@2x .png */ = {isa = PBXFileReference; lastKnownFileType = image.png; path = "dalvu_tabar_my_nor@2x .png"; sourceTree = "<group>"; };
		1CCD81A41EC2EF01002A80AB /* dalvu_tabar_my_pre@2x ..png */ = {isa = PBXFileReference; lastKnownFileType = image.png; path = "dalvu_tabar_my_pre@2x ..png"; sourceTree = "<group>"; };
		1CCD81A51EC2EF01002A80AB /* dalvu_tabar_myorder_nor@2x .png */ = {isa = PBXFileReference; lastKnownFileType = image.png; path = "dalvu_tabar_myorder_nor@2x .png"; sourceTree = "<group>"; };
		1CCD81A61EC2EF01002A80AB /* dalvu_tabar_myorder_pre@2x .png */ = {isa = PBXFileReference; lastKnownFileType = image.png; path = "dalvu_tabar_myorder_pre@2x .png"; sourceTree = "<group>"; };
		452916731EC1741E0033314F /* Dalv.app */ = {isa = PBXFileReference; explicitFileType = wrapper.application; includeInIndex = 0; path = Dalv.app; sourceTree = BUILT_PRODUCTS_DIR; };
		452916771EC1741E0033314F /* main.m */ = {isa = PBXFileReference; lastKnownFileType = sourcecode.c.objc; path = main.m; sourceTree = "<group>"; };
		452916791EC1741E0033314F /* AppDelegate.h */ = {isa = PBXFileReference; lastKnownFileType = sourcecode.c.h; path = AppDelegate.h; sourceTree = "<group>"; };
		4529167A1EC1741E0033314F /* AppDelegate.m */ = {isa = PBXFileReference; lastKnownFileType = sourcecode.c.objc; path = AppDelegate.m; sourceTree = "<group>"; };
		452916A11EC1773C0033314F /* UIDevice+SLExtension.h */ = {isa = PBXFileReference; fileEncoding = 4; lastKnownFileType = sourcecode.c.h; path = "UIDevice+SLExtension.h"; sourceTree = "<group>"; };
		452916A21EC1773C0033314F /* UIDevice+SLExtension.m */ = {isa = PBXFileReference; fileEncoding = 4; lastKnownFileType = sourcecode.c.objc; path = "UIDevice+SLExtension.m"; sourceTree = "<group>"; };
		452916A41EC1773C0033314F /* UIViewController+BLMHUD.h */ = {isa = PBXFileReference; fileEncoding = 4; lastKnownFileType = sourcecode.c.h; path = "UIViewController+BLMHUD.h"; sourceTree = "<group>"; };
		452916A51EC1773C0033314F /* UIViewController+BLMHUD.m */ = {isa = PBXFileReference; fileEncoding = 4; lastKnownFileType = sourcecode.c.objc; path = "UIViewController+BLMHUD.m"; sourceTree = "<group>"; };
		452916A91EC177830033314F /* UIColor+BLMColor.h */ = {isa = PBXFileReference; fileEncoding = 4; lastKnownFileType = sourcecode.c.h; path = "UIColor+BLMColor.h"; sourceTree = "<group>"; };
		452916AA1EC177830033314F /* UIColor+BLMColor.m */ = {isa = PBXFileReference; fileEncoding = 4; lastKnownFileType = sourcecode.c.objc; path = "UIColor+BLMColor.m"; sourceTree = "<group>"; };
		452C65AA1EC45F8F00C33B67 /* DLMineModel.m */ = {isa = PBXFileReference; fileEncoding = 4; lastKnownFileType = sourcecode.c.objc; path = DLMineModel.m; sourceTree = "<group>"; };
		452C65AB1EC45F8F00C33B67 /* DLMineModel.h */ = {isa = PBXFileReference; fileEncoding = 4; lastKnownFileType = sourcecode.c.h; path = DLMineModel.h; sourceTree = "<group>"; };
		452C65AF1EC45F9700C33B67 /* DLMineCell.h */ = {isa = PBXFileReference; fileEncoding = 4; lastKnownFileType = sourcecode.c.h; path = DLMineCell.h; sourceTree = "<group>"; };
		452C65B01EC45F9700C33B67 /* DLMineCell.m */ = {isa = PBXFileReference; fileEncoding = 4; lastKnownFileType = sourcecode.c.objc; path = DLMineCell.m; sourceTree = "<group>"; };
		452C65B11EC45F9700C33B67 /* DLMineCell.xib */ = {isa = PBXFileReference; fileEncoding = 4; lastKnownFileType = file.xib; path = DLMineCell.xib; sourceTree = "<group>"; };
		452C65BB1EC46CBC00C33B67 /* BLM_UploadUserIcon.h */ = {isa = PBXFileReference; fileEncoding = 4; lastKnownFileType = sourcecode.c.h; path = BLM_UploadUserIcon.h; sourceTree = "<group>"; };
		452C65BC1EC46CBC00C33B67 /* BLM_UploadUserIcon.m */ = {isa = PBXFileReference; fileEncoding = 4; lastKnownFileType = sourcecode.c.objc; path = BLM_UploadUserIcon.m; sourceTree = "<group>"; };
		452C65C81EC5545C00C33B67 /* MineGeneral.plist */ = {isa = PBXFileReference; fileEncoding = 4; lastKnownFileType = text.plist.xml; path = MineGeneral.plist; sourceTree = "<group>"; };
		452C65C91EC5545C00C33B67 /* DLGenralModel.h */ = {isa = PBXFileReference; fileEncoding = 4; lastKnownFileType = sourcecode.c.h; path = DLGenralModel.h; sourceTree = "<group>"; };
		452C65CA1EC5545C00C33B67 /* DLGenralModel.m */ = {isa = PBXFileReference; fileEncoding = 4; lastKnownFileType = sourcecode.c.objc; path = DLGenralModel.m; sourceTree = "<group>"; };
		452C65CF1EC554AF00C33B67 /* DLGeneralController.m */ = {isa = PBXFileReference; fileEncoding = 4; lastKnownFileType = sourcecode.c.objc; path = DLGeneralController.m; sourceTree = "<group>"; };
		452C65D01EC554AF00C33B67 /* DLGeneralController.h */ = {isa = PBXFileReference; fileEncoding = 4; lastKnownFileType = sourcecode.c.h; path = DLGeneralController.h; sourceTree = "<group>"; };
		452C65D11EC554AF00C33B67 /* DLMineCenterController.m */ = {isa = PBXFileReference; fileEncoding = 4; lastKnownFileType = sourcecode.c.objc; path = DLMineCenterController.m; sourceTree = "<group>"; };
		452C65D21EC554AF00C33B67 /* DLMineCenterController.h */ = {isa = PBXFileReference; fileEncoding = 4; lastKnownFileType = sourcecode.c.h; path = DLMineCenterController.h; sourceTree = "<group>"; };
		452C65D61EC55DFF00C33B67 /* BLMClearCacheTool.h */ = {isa = PBXFileReference; fileEncoding = 4; lastKnownFileType = sourcecode.c.h; path = BLMClearCacheTool.h; sourceTree = "<group>"; };
		452C65D71EC55DFF00C33B67 /* BLMClearCacheTool.m */ = {isa = PBXFileReference; fileEncoding = 4; lastKnownFileType = sourcecode.c.objc; path = BLMClearCacheTool.m; sourceTree = "<group>"; };
		45420E951EC997AB0044B9C6 /* DLShopViewController.h */ = {isa = PBXFileReference; fileEncoding = 4; lastKnownFileType = sourcecode.c.h; path = DLShopViewController.h; sourceTree = "<group>"; };
		45420E961EC997AB0044B9C6 /* DLShopViewController.m */ = {isa = PBXFileReference; fileEncoding = 4; lastKnownFileType = sourcecode.c.objc; path = DLShopViewController.m; sourceTree = "<group>"; };
		4546E3511EC9B5DB00C7A9A5 /* DLMine.plist */ = {isa = PBXFileReference; fileEncoding = 4; lastKnownFileType = text.plist.xml; path = DLMine.plist; sourceTree = "<group>"; };
		4546E3531ECA896700C7A9A5 /* DLChangePersonDataController.h */ = {isa = PBXFileReference; fileEncoding = 4; lastKnownFileType = sourcecode.c.h; path = DLChangePersonDataController.h; sourceTree = "<group>"; };
		4546E3541ECA896700C7A9A5 /* DLChangePersonDataController.m */ = {isa = PBXFileReference; fileEncoding = 4; lastKnownFileType = sourcecode.c.objc; path = DLChangePersonDataController.m; sourceTree = "<group>"; };
		4546E3561ECA8AE000C7A9A5 /* DLSortController.h */ = {isa = PBXFileReference; fileEncoding = 4; lastKnownFileType = sourcecode.c.h; path = DLSortController.h; sourceTree = "<group>"; };
		4546E3571ECA8AE000C7A9A5 /* DLSortController.m */ = {isa = PBXFileReference; fileEncoding = 4; lastKnownFileType = sourcecode.c.objc; path = DLSortController.m; sourceTree = "<group>"; };
		4546E3591ECA8AF800C7A9A5 /* DLRemmendController.h */ = {isa = PBXFileReference; fileEncoding = 4; lastKnownFileType = sourcecode.c.h; path = DLRemmendController.h; sourceTree = "<group>"; };
		4546E35A1ECA8AF800C7A9A5 /* DLRemmendController.m */ = {isa = PBXFileReference; fileEncoding = 4; lastKnownFileType = sourcecode.c.objc; path = DLRemmendController.m; sourceTree = "<group>"; };
		4546E35C1ECA8B1500C7A9A5 /* DLMyCustomerController.h */ = {isa = PBXFileReference; fileEncoding = 4; lastKnownFileType = sourcecode.c.h; path = DLMyCustomerController.h; sourceTree = "<group>"; };
		4546E35D1ECA8B1500C7A9A5 /* DLMyCustomerController.m */ = {isa = PBXFileReference; fileEncoding = 4; lastKnownFileType = sourcecode.c.objc; path = DLMyCustomerController.m; sourceTree = "<group>"; };
		4546E35F1ECA8B2A00C7A9A5 /* DLLineQueryController.h */ = {isa = PBXFileReference; fileEncoding = 4; lastKnownFileType = sourcecode.c.h; path = DLLineQueryController.h; sourceTree = "<group>"; };
		4546E3601ECA8B2A00C7A9A5 /* DLLineQueryController.m */ = {isa = PBXFileReference; fileEncoding = 4; lastKnownFileType = sourcecode.c.objc; path = DLLineQueryController.m; sourceTree = "<group>"; };
<<<<<<< HEAD
=======
		4546E3621ECA8BC500C7A9A5 /* DLSupplierqueryController.h */ = {isa = PBXFileReference; fileEncoding = 4; lastKnownFileType = sourcecode.c.h; path = DLSupplierqueryController.h; sourceTree = "<group>"; };
		4546E3631ECA8BC500C7A9A5 /* DLSupplierqueryController.m */ = {isa = PBXFileReference; fileEncoding = 4; lastKnownFileType = sourcecode.c.objc; path = DLSupplierqueryController.m; sourceTree = "<group>"; };
		4546E3821ECAE5F200C7A9A5 /* CityData.plist */ = {isa = PBXFileReference; fileEncoding = 4; lastKnownFileType = text.plist.xml; path = CityData.plist; sourceTree = "<group>"; };
		4546E3881ECAE6F000C7A9A5 /* TLCity.h */ = {isa = PBXFileReference; fileEncoding = 4; lastKnownFileType = sourcecode.c.h; path = TLCity.h; sourceTree = "<group>"; };
		4546E3891ECAE6F000C7A9A5 /* TLCity.m */ = {isa = PBXFileReference; fileEncoding = 4; lastKnownFileType = sourcecode.c.objc; path = TLCity.m; sourceTree = "<group>"; };
		4546E38A1ECAE6F000C7A9A5 /* TLCityGroupCell.h */ = {isa = PBXFileReference; fileEncoding = 4; lastKnownFileType = sourcecode.c.h; path = TLCityGroupCell.h; sourceTree = "<group>"; };
		4546E38B1ECAE6F000C7A9A5 /* TLCityGroupCell.m */ = {isa = PBXFileReference; fileEncoding = 4; lastKnownFileType = sourcecode.c.objc; path = TLCityGroupCell.m; sourceTree = "<group>"; };
		4546E38C1ECAE6F000C7A9A5 /* TLCityHeaderView.h */ = {isa = PBXFileReference; fileEncoding = 4; lastKnownFileType = sourcecode.c.h; path = TLCityHeaderView.h; sourceTree = "<group>"; };
		4546E38D1ECAE6F000C7A9A5 /* TLCityHeaderView.m */ = {isa = PBXFileReference; fileEncoding = 4; lastKnownFileType = sourcecode.c.objc; path = TLCityHeaderView.m; sourceTree = "<group>"; };
		4546E38E1ECAE6F000C7A9A5 /* TLCityPickerController.h */ = {isa = PBXFileReference; fileEncoding = 4; lastKnownFileType = sourcecode.c.h; path = TLCityPickerController.h; sourceTree = "<group>"; };
		4546E38F1ECAE6F000C7A9A5 /* TLCityPickerController.m */ = {isa = PBXFileReference; fileEncoding = 4; lastKnownFileType = sourcecode.c.objc; path = TLCityPickerController.m; sourceTree = "<group>"; };
		4546E3901ECAE6F000C7A9A5 /* TLCityPickerDelegate.h */ = {isa = PBXFileReference; fileEncoding = 4; lastKnownFileType = sourcecode.c.h; path = TLCityPickerDelegate.h; sourceTree = "<group>"; };
		4546E3911ECAE6F000C7A9A5 /* TLCityPickerSearchResultController.h */ = {isa = PBXFileReference; fileEncoding = 4; lastKnownFileType = sourcecode.c.h; path = TLCityPickerSearchResultController.h; sourceTree = "<group>"; };
		4546E3921ECAE6F000C7A9A5 /* TLCityPickerSearchResultController.m */ = {isa = PBXFileReference; fileEncoding = 4; lastKnownFileType = sourcecode.c.objc; path = TLCityPickerSearchResultController.m; sourceTree = "<group>"; };
>>>>>>> 145eacaf0ff8dda0fde30317df8b16b88a4a3b1f
		45B262511ECBDDE8001E54D7 /* CoreLocation.framework */ = {isa = PBXFileReference; lastKnownFileType = wrapper.framework; name = CoreLocation.framework; path = System/Library/Frameworks/CoreLocation.framework; sourceTree = SDKROOT; };
		45B262541ECBE836001E54D7 /* DLBasePickerView.h */ = {isa = PBXFileReference; fileEncoding = 4; lastKnownFileType = sourcecode.c.h; path = DLBasePickerView.h; sourceTree = "<group>"; };
		45B262551ECBE836001E54D7 /* DLBasePickerView.m */ = {isa = PBXFileReference; fileEncoding = 4; lastKnownFileType = sourcecode.c.objc; path = DLBasePickerView.m; sourceTree = "<group>"; };
		45B262571ECBE8EC001E54D7 /* DLCityPickerView.h */ = {isa = PBXFileReference; fileEncoding = 4; lastKnownFileType = sourcecode.c.h; path = DLCityPickerView.h; sourceTree = "<group>"; };
		45B262581ECBE8EC001E54D7 /* DLCityPickerView.m */ = {isa = PBXFileReference; fileEncoding = 4; lastKnownFileType = sourcecode.c.objc; path = DLCityPickerView.m; sourceTree = "<group>"; };
		45B262621ECC02B4001E54D7 /* DLSupplierqueryController.h */ = {isa = PBXFileReference; fileEncoding = 4; lastKnownFileType = sourcecode.c.h; path = DLSupplierqueryController.h; sourceTree = "<group>"; };
		45B262631ECC02B4001E54D7 /* DLSupplierqueryController.m */ = {isa = PBXFileReference; fileEncoding = 4; lastKnownFileType = sourcecode.c.objc; path = DLSupplierqueryController.m; sourceTree = "<group>"; };
		45B262641ECC02B4001E54D7 /* DLSupplierqueryController.xib */ = {isa = PBXFileReference; fileEncoding = 4; lastKnownFileType = file.xib; path = DLSupplierqueryController.xib; sourceTree = "<group>"; };
		45F4CCA01EC18DF600F4B6BD /* DLNetWorkTool.h */ = {isa = PBXFileReference; fileEncoding = 4; lastKnownFileType = sourcecode.c.h; path = DLNetWorkTool.h; sourceTree = "<group>"; };
		45F4CCA11EC18DF600F4B6BD /* DLNetWorkTool.m */ = {isa = PBXFileReference; fileEncoding = 4; lastKnownFileType = sourcecode.c.objc; path = DLNetWorkTool.m; sourceTree = "<group>"; };
		45F4CCA31EC18EED00F4B6BD /* DLTabBarController.h */ = {isa = PBXFileReference; fileEncoding = 4; lastKnownFileType = sourcecode.c.h; path = DLTabBarController.h; sourceTree = "<group>"; };
		45F4CCA41EC18EED00F4B6BD /* DLTabBarController.m */ = {isa = PBXFileReference; fileEncoding = 4; lastKnownFileType = sourcecode.c.objc; path = DLTabBarController.m; sourceTree = "<group>"; };
		45F4CCAC1EC18FB000F4B6BD /* DLOrderViewController.h */ = {isa = PBXFileReference; fileEncoding = 4; lastKnownFileType = sourcecode.c.h; path = DLOrderViewController.h; sourceTree = "<group>"; };
		45F4CCAD1EC18FB000F4B6BD /* DLOrderViewController.m */ = {isa = PBXFileReference; fileEncoding = 4; lastKnownFileType = sourcecode.c.objc; path = DLOrderViewController.m; sourceTree = "<group>"; };
		45F4CCAF1EC18FC300F4B6BD /* DLFianceViewController.h */ = {isa = PBXFileReference; fileEncoding = 4; lastKnownFileType = sourcecode.c.h; path = DLFianceViewController.h; sourceTree = "<group>"; };
		45F4CCB01EC18FC300F4B6BD /* DLFianceViewController.m */ = {isa = PBXFileReference; fileEncoding = 4; lastKnownFileType = sourcecode.c.objc; path = DLFianceViewController.m; sourceTree = "<group>"; };
		45F4CCB41EC1913100F4B6BD /* DLNavigationController.h */ = {isa = PBXFileReference; fileEncoding = 4; lastKnownFileType = sourcecode.c.h; path = DLNavigationController.h; sourceTree = "<group>"; };
		45F4CCB51EC1913100F4B6BD /* DLNavigationController.m */ = {isa = PBXFileReference; fileEncoding = 4; lastKnownFileType = sourcecode.c.objc; path = DLNavigationController.m; sourceTree = "<group>"; };
		45F4CCBD1EC1C55300F4B6BD /* DLMineViewController.h */ = {isa = PBXFileReference; fileEncoding = 4; lastKnownFileType = sourcecode.c.h; path = DLMineViewController.h; sourceTree = "<group>"; };
		45F4CCBE1EC1C55300F4B6BD /* DLMineViewController.m */ = {isa = PBXFileReference; fileEncoding = 4; lastKnownFileType = sourcecode.c.objc; path = DLMineViewController.m; sourceTree = "<group>"; };
		45F4CCBF1EC1C55300F4B6BD /* DLMineViewController.xib */ = {isa = PBXFileReference; fileEncoding = 4; lastKnownFileType = file.xib; path = DLMineViewController.xib; sourceTree = "<group>"; };
		45F4CD0C1EC2E00000F4B6BD /* MOBFoundation.framework */ = {isa = PBXFileReference; lastKnownFileType = wrapper.framework; path = MOBFoundation.framework; sourceTree = "<group>"; };
		45F4CD0D1EC2E00000F4B6BD /* MOBFoundationEx.framework */ = {isa = PBXFileReference; lastKnownFileType = wrapper.framework; path = MOBFoundationEx.framework; sourceTree = "<group>"; };
		45F4CD0E1EC2E00000F4B6BD /* SMS_SDK.framework */ = {isa = PBXFileReference; lastKnownFileType = wrapper.framework; path = SMS_SDK.framework; sourceTree = "<group>"; };
		45F4CD121EC2E01400F4B6BD /* libz.tbd */ = {isa = PBXFileReference; lastKnownFileType = "sourcecode.text-based-dylib-definition"; name = libz.tbd; path = usr/lib/libz.tbd; sourceTree = SDKROOT; };
		45F4CD141EC2E02C00F4B6BD /* libicucore.tbd */ = {isa = PBXFileReference; lastKnownFileType = "sourcecode.text-based-dylib-definition"; name = libicucore.tbd; path = usr/lib/libicucore.tbd; sourceTree = SDKROOT; };
		45F4CD161EC2E03900F4B6BD /* MessageUI.framework */ = {isa = PBXFileReference; lastKnownFileType = wrapper.framework; name = MessageUI.framework; path = System/Library/Frameworks/MessageUI.framework; sourceTree = SDKROOT; };
		45F4CD181EC2E04500F4B6BD /* JavaScriptCore.framework */ = {isa = PBXFileReference; lastKnownFileType = wrapper.framework; name = JavaScriptCore.framework; path = System/Library/Frameworks/JavaScriptCore.framework; sourceTree = SDKROOT; };
		45F4CD1A1EC2E06000F4B6BD /* libstdc++.tbd */ = {isa = PBXFileReference; lastKnownFileType = "sourcecode.text-based-dylib-definition"; name = "libstdc++.tbd"; path = "usr/lib/libstdc++.tbd"; sourceTree = SDKROOT; };
		45F4CD1C1EC2E07600F4B6BD /* SystemConfiguration.framework */ = {isa = PBXFileReference; lastKnownFileType = wrapper.framework; name = SystemConfiguration.framework; path = System/Library/Frameworks/SystemConfiguration.framework; sourceTree = SDKROOT; };
		45F4CD1E1EC2E08400F4B6BD /* CoreTelephony.framework */ = {isa = PBXFileReference; lastKnownFileType = wrapper.framework; name = CoreTelephony.framework; path = System/Library/Frameworks/CoreTelephony.framework; sourceTree = SDKROOT; };
		45F4CD201EC2E08F00F4B6BD /* AdSupport.framework */ = {isa = PBXFileReference; lastKnownFileType = wrapper.framework; name = AdSupport.framework; path = System/Library/Frameworks/AdSupport.framework; sourceTree = SDKROOT; };
		45F4CD241EC2EBEF00F4B6BD /* UIColor+Addition.h */ = {isa = PBXFileReference; fileEncoding = 4; lastKnownFileType = sourcecode.c.h; path = "UIColor+Addition.h"; sourceTree = "<group>"; };
		45F4CD251EC2EBEF00F4B6BD /* UIColor+Addition.m */ = {isa = PBXFileReference; fileEncoding = 4; lastKnownFileType = sourcecode.c.objc; path = "UIColor+Addition.m"; sourceTree = "<group>"; };
		D967FFF572244A8610D699C5 /* Pods-Dalv.debug.xcconfig */ = {isa = PBXFileReference; includeInIndex = 1; lastKnownFileType = text.xcconfig; name = "Pods-Dalv.debug.xcconfig"; path = "Pods/Target Support Files/Pods-Dalv/Pods-Dalv.debug.xcconfig"; sourceTree = "<group>"; };
		DCF0A69B18800572BA7AB443 /* libPods-Dalv.a */ = {isa = PBXFileReference; explicitFileType = archive.ar; includeInIndex = 0; path = "libPods-Dalv.a"; sourceTree = BUILT_PRODUCTS_DIR; };
/* End PBXFileReference section */

/* Begin PBXFrameworksBuildPhase section */
		452916701EC1741E0033314F /* Frameworks */ = {
			isa = PBXFrameworksBuildPhase;
			buildActionMask = 2147483647;
			files = (
				45B262521ECBDDE8001E54D7 /* CoreLocation.framework in Frameworks */,
				45F4CD211EC2E08F00F4B6BD /* AdSupport.framework in Frameworks */,
				45F4CD1F1EC2E08400F4B6BD /* CoreTelephony.framework in Frameworks */,
				45F4CD1D1EC2E07600F4B6BD /* SystemConfiguration.framework in Frameworks */,
				45F4CD1B1EC2E06000F4B6BD /* libstdc++.tbd in Frameworks */,
				45F4CD191EC2E04500F4B6BD /* JavaScriptCore.framework in Frameworks */,
				45F4CD171EC2E03900F4B6BD /* MessageUI.framework in Frameworks */,
				45F4CD151EC2E02C00F4B6BD /* libicucore.tbd in Frameworks */,
				45F4CD131EC2E01400F4B6BD /* libz.tbd in Frameworks */,
				45F4CD0F1EC2E00000F4B6BD /* MOBFoundation.framework in Frameworks */,
				45F4CD111EC2E00000F4B6BD /* SMS_SDK.framework in Frameworks */,
				54AD7240BD172006657C119F /* libPods-Dalv.a in Frameworks */,
				45F4CD101EC2E00000F4B6BD /* MOBFoundationEx.framework in Frameworks */,
			);
			runOnlyForDeploymentPostprocessing = 0;
		};
/* End PBXFrameworksBuildPhase section */

/* Begin PBXGroup section */
		1C0B27711EC5B2FC006CDFF1 /* Homecommon */ = {
			isa = PBXGroup;
			children = (
				1C0B27721EC5B2FC006CDFF1 /* domestic-travel.png */,
				1C0B27731EC5B2FC006CDFF1 /* iv_address.png */,
				1C0B27741EC5B2FC006CDFF1 /* nav_2@2x.png */,
				1C0B27751EC5B2FC006CDFF1 /* nav_2@3x.png */,
				1C0B27761EC5B2FC006CDFF1 /* nav_3@2x.png */,
				1C0B27771EC5B2FC006CDFF1 /* nav_3@3x.png */,
				1C0B27781EC5B2FC006CDFF1 /* nav_4@2x.png */,
				1C0B27791EC5B2FC006CDFF1 /* nav_4@3x.png */,
				1C0B277A1EC5B2FC006CDFF1 /* nav_5@2x.png */,
				1C0B277B1EC5B2FC006CDFF1 /* nav_5@3x.png */,
			);
			path = Homecommon;
			sourceTree = "<group>";
		};
		1C5383DE1EC3DC2200AC30F9 /* ViewModel */ = {
			isa = PBXGroup;
			children = (
				1C0B27531EC5B28B006CDFF1 /* DLHomeMenuItem.h */,
				1C0B27541EC5B28B006CDFF1 /* DLHomeMenuItem.m */,
				1C0B27551EC5B28B006CDFF1 /* DLHomePageViewModel.h */,
				1C0B27561EC5B28B006CDFF1 /* DLHomePageViewModel.m */,
			);
			path = ViewModel;
			sourceTree = "<group>";
		};
		1C5383E51EC3E4A800AC30F9 /* View */ = {
			isa = PBXGroup;
			children = (
				1C0B27591EC5B29B006CDFF1 /* DLCityPopMenuView.h */,
				1C0B275A1EC5B29B006CDFF1 /* DLCityPopMenuView.m */,
				1C0B275B1EC5B29B006CDFF1 /* DLHomeMenuCollectionViewCell.h */,
				1C0B275C1EC5B29B006CDFF1 /* DLHomeMenuCollectionViewCell.m */,
				1C0B275D1EC5B29B006CDFF1 /* DLRecommendRouteCollectionViewCell.h */,
				1C0B275E1EC5B29B006CDFF1 /* DLRecommendRouteCollectionViewCell.m */,
			);
			path = View;
			sourceTree = "<group>";
		};
		1C5383EC1EC3E7DF00AC30F9 /* Model */ = {
			isa = PBXGroup;
			children = (
				1C0B27621EC5B2AE006CDFF1 /* DLRecommendRouteModel.h */,
				1C0B27631EC5B2AE006CDFF1 /* DLRecommendRouteModel.m */,
			);
			path = Model;
			sourceTree = "<group>";
		};
		1C57A3001ECAA04300C959C9 /* Login */ = {
			isa = PBXGroup;
			children = (
				1C57A3011ECAA04300C959C9 /* Controller */,
				1C57A3021ECAA04300C959C9 /* Model */,
				1C57A3031ECAA04300C959C9 /* View */,
				1C57A3041ECAA04300C959C9 /* ViewModel */,
			);
			path = Login;
			sourceTree = "<group>";
		};
		1C57A3011ECAA04300C959C9 /* Controller */ = {
			isa = PBXGroup;
			children = (
				1C57A3051ECAA0E200C959C9 /* DLLoginViewController.h */,
				1C57A3061ECAA0E200C959C9 /* DLLoginViewController.m */,
			);
			path = Controller;
			sourceTree = "<group>";
		};
		1C57A3021ECAA04300C959C9 /* Model */ = {
			isa = PBXGroup;
			children = (
			);
			path = Model;
			sourceTree = "<group>";
		};
		1C57A3031ECAA04300C959C9 /* View */ = {
			isa = PBXGroup;
			children = (
				1CA73B091ECAEB19009A5812 /* DLLoginView.h */,
				1CA73B0A1ECAEB19009A5812 /* DLLoginView.m */,
			);
			path = View;
			sourceTree = "<group>";
		};
		1C57A3041ECAA04300C959C9 /* ViewModel */ = {
			isa = PBXGroup;
			children = (
			);
			path = ViewModel;
			sourceTree = "<group>";
		};
		1C57A30B1ECAA80800C959C9 /* login */ = {
			isa = PBXGroup;
			children = (
				1C57A30C1ECAA80800C959C9 /* lock@2x.png */,
				1C57A30D1ECAA80800C959C9 /* lock@3x.png */,
				1C57A30E1ECAA80800C959C9 /* login_bj@2x.png */,
				1C57A30F1ECAA80800C959C9 /* login_bj@3x.png */,
				1C57A3101ECAA80800C959C9 /* login_btn@2x.png */,
				1C57A3111ECAA80800C959C9 /* login_btn@3x.png */,
				1C57A3121ECAA80800C959C9 /* login_input@2x.png */,
				1C57A3131ECAA80800C959C9 /* login_input@3x.png */,
				1C57A3161ECAA80800C959C9 /* user@2x.png */,
				1C57A3171ECAA80800C959C9 /* user@3x.png */,
			);
			path = login;
			sourceTree = "<group>";
		};
		1CC9930E1ECBF791004D10F3 /* General */ = {
			isa = PBXGroup;
			children = (
				1CC9930F1ECBF791004D10F3 /* Config */,
				1CC993151ECBF791004D10F3 /* Network */,
			);
			path = General;
			sourceTree = "<group>";
		};
		1CC9930F1ECBF791004D10F3 /* Config */ = {
			isa = PBXGroup;
			children = (
				1CC993101ECBF791004D10F3 /* DLAlertView.h */,
				1CC993111ECBF791004D10F3 /* DLAlertView.m */,
				1CC993121ECBF791004D10F3 /* DLHUDManager.h */,
				1CC993131ECBF791004D10F3 /* DLHUDManager.m */,
				1CC993141ECBF791004D10F3 /* SynthesizeSingleton.h */,
			);
			path = Config;
			sourceTree = "<group>";
		};
		1CC993151ECBF791004D10F3 /* Network */ = {
			isa = PBXGroup;
			children = (
			);
			path = Network;
			sourceTree = "<group>";
		};
		1CCD819D1EC2EE94002A80AB /* Resources */ = {
			isa = PBXGroup;
			children = (
				1C57A30B1ECAA80800C959C9 /* login */,
				1C0B27711EC5B2FC006CDFF1 /* Homecommon */,
				1CCD819E1EC2EEB9002A80AB /* Tabar */,
			);
			path = Resources;
			sourceTree = "<group>";
		};
		1CCD819E1EC2EEB9002A80AB /* Tabar */ = {
			isa = PBXGroup;
			children = (
				1CCD819F1EC2EF01002A80AB /* dalvu_tabar_finance_nor@2x.png */,
				1CCD81A01EC2EF01002A80AB /* dalvu_tabar_finance_pre@2x.png */,
				1CCD81A11EC2EF01002A80AB /* dalvu_tabar_homepage_nor@2x .png */,
				1CCD81A21EC2EF01002A80AB /* dalvu_tabar_homepage_pre@2x .png */,
				1CCD81A31EC2EF01002A80AB /* dalvu_tabar_my_nor@2x .png */,
				1CCD81A41EC2EF01002A80AB /* dalvu_tabar_my_pre@2x ..png */,
				1CCD81A51EC2EF01002A80AB /* dalvu_tabar_myorder_nor@2x .png */,
				1CCD81A61EC2EF01002A80AB /* dalvu_tabar_myorder_pre@2x .png */,
			);
			path = Tabar;
			sourceTree = "<group>";
		};
		368985653E9A7EB73AACF252 /* Pods */ = {
			isa = PBXGroup;
			children = (
				D967FFF572244A8610D699C5 /* Pods-Dalv.debug.xcconfig */,
				10DAA7CAB930BD0E934FD790 /* Pods-Dalv.release.xcconfig */,
			);
			name = Pods;
			sourceTree = "<group>";
		};
		4529166A1EC1741E0033314F = {
			isa = PBXGroup;
			children = (
				452916751EC1741E0033314F /* Dalv */,
				452916741EC1741E0033314F /* Products */,
				368985653E9A7EB73AACF252 /* Pods */,
				74F1D56D433B910FF4899372 /* Frameworks */,
			);
			sourceTree = "<group>";
		};
		452916741EC1741E0033314F /* Products */ = {
			isa = PBXGroup;
			children = (
				452916731EC1741E0033314F /* Dalv.app */,
			);
			name = Products;
			sourceTree = "<group>";
		};
		452916751EC1741E0033314F /* Dalv */ = {
			isa = PBXGroup;
			children = (
				1CCD819D1EC2EE94002A80AB /* Resources */,
				45F4CCC31EC2B41600F4B6BD /* Other */,
				45F4CCB31EC1901D00F4B6BD /* Adverstising */,
				4529168E1EC176F60033314F /* Classes */,
				4529169F1EC1773C0033314F /* Toos */,
				452916A81EC177830033314F /* Common */,
				452916791EC1741E0033314F /* AppDelegate.h */,
				4529167A1EC1741E0033314F /* AppDelegate.m */,
				452916761EC1741E0033314F /* Supporting Files */,
			);
			path = Dalv;
			sourceTree = "<group>";
		};
		452916761EC1741E0033314F /* Supporting Files */ = {
			isa = PBXGroup;
			children = (
				1CC9F90F1EC20DAD002D7EFB /* Assets.xcassets */,
				1CC9F9101EC20DAD002D7EFB /* Info.plist */,
				1CC9F9151EC20DC0002D7EFB /* LaunchScreen.storyboard */,
				452916771EC1741E0033314F /* main.m */,
				1CC9F9181EC215B8002D7EFB /* Dalv-PrefixHeader.pch */,
				1CC9F91C1EC2172C002D7EFB /* DalvHeader.h */,
				1C5383F91EC4267900AC30F9 /* Consts.h */,
			);
			name = "Supporting Files";
			sourceTree = "<group>";
		};
		4529168E1EC176F60033314F /* Classes */ = {
			isa = PBXGroup;
			children = (
				1CC9930E1ECBF791004D10F3 /* General */,
				1C57A3001ECAA04300C959C9 /* Login */,
				45420E911EC996BA0044B9C6 /* shop */,
				45F4CC9D1EC18D9100F4B6BD /* Main */,
				4529168F1EC176F60033314F /* Fiance */,
				452916931EC176F60033314F /* Home */,
				452916971EC176F60033314F /* Mine */,
				4529169B1EC176F60033314F /* Order */,
			);
			path = Classes;
			sourceTree = "<group>";
		};
		4529168F1EC176F60033314F /* Fiance */ = {
			isa = PBXGroup;
			children = (
				452916901EC176F60033314F /* Controller */,
				452916911EC176F60033314F /* Model */,
				452916921EC176F60033314F /* View */,
			);
			path = Fiance;
			sourceTree = "<group>";
		};
		452916901EC176F60033314F /* Controller */ = {
			isa = PBXGroup;
			children = (
				45F4CCAF1EC18FC300F4B6BD /* DLFianceViewController.h */,
				45F4CCB01EC18FC300F4B6BD /* DLFianceViewController.m */,
			);
			path = Controller;
			sourceTree = "<group>";
		};
		452916911EC176F60033314F /* Model */ = {
			isa = PBXGroup;
			children = (
			);
			path = Model;
			sourceTree = "<group>";
		};
		452916921EC176F60033314F /* View */ = {
			isa = PBXGroup;
			children = (
			);
			path = View;
			sourceTree = "<group>";
		};
		452916931EC176F60033314F /* Home */ = {
			isa = PBXGroup;
			children = (
				1C5383EC1EC3E7DF00AC30F9 /* Model */,
				1C5383E51EC3E4A800AC30F9 /* View */,
				1C5383DE1EC3DC2200AC30F9 /* ViewModel */,
				452916941EC176F60033314F /* Controller */,
			);
			path = Home;
			sourceTree = "<group>";
		};
		452916941EC176F60033314F /* Controller */ = {
			isa = PBXGroup;
			children = (
				1C0B27651EC5B2BE006CDFF1 /* DLHomeViewController.h */,
				1C0B27661EC5B2BE006CDFF1 /* DLHomeViewController.m */,
				1C0B27671EC5B2BE006CDFF1 /* DLLineTourViewController.h */,
				1C0B27681EC5B2BE006CDFF1 /* DLLineTourViewController.m */,
				1C0B27691EC5B2BE006CDFF1 /* DLMenuViewController.h */,
				1C0B276A1EC5B2BE006CDFF1 /* DLMenuViewController.m */,
				1C0B276B1EC5B2BE006CDFF1 /* DLRecommendRouteViewController.h */,
				1C0B276C1EC5B2BE006CDFF1 /* DLRecommendRouteViewController.m */,
			);
			path = Controller;
			sourceTree = "<group>";
		};
		452916971EC176F60033314F /* Mine */ = {
			isa = PBXGroup;
			children = (
				4546E3651ECAA3A300C7A9A5 /* Controller(二级) */,
				452C65A81EC45F6F00C33B67 /* Model */,
				452C65A91EC45F6F00C33B67 /* View */,
				452916981EC176F60033314F /* Controller */,
			);
			path = Mine;
			sourceTree = "<group>";
		};
		452916981EC176F60033314F /* Controller */ = {
			isa = PBXGroup;
			children = (
				452C65D01EC554AF00C33B67 /* DLGeneralController.h */,
				452C65CF1EC554AF00C33B67 /* DLGeneralController.m */,
				452C65D21EC554AF00C33B67 /* DLMineCenterController.h */,
				452C65D11EC554AF00C33B67 /* DLMineCenterController.m */,
				45F4CCBD1EC1C55300F4B6BD /* DLMineViewController.h */,
				45F4CCBE1EC1C55300F4B6BD /* DLMineViewController.m */,
				45F4CCBF1EC1C55300F4B6BD /* DLMineViewController.xib */,
				4546E3531ECA896700C7A9A5 /* DLChangePersonDataController.h */,
				4546E3541ECA896700C7A9A5 /* DLChangePersonDataController.m */,
				4546E3561ECA8AE000C7A9A5 /* DLSortController.h */,
				4546E3571ECA8AE000C7A9A5 /* DLSortController.m */,
				4546E3591ECA8AF800C7A9A5 /* DLRemmendController.h */,
				4546E35A1ECA8AF800C7A9A5 /* DLRemmendController.m */,
				4546E35C1ECA8B1500C7A9A5 /* DLMyCustomerController.h */,
				4546E35D1ECA8B1500C7A9A5 /* DLMyCustomerController.m */,
				4546E35F1ECA8B2A00C7A9A5 /* DLLineQueryController.h */,
				4546E3601ECA8B2A00C7A9A5 /* DLLineQueryController.m */,
				45B262621ECC02B4001E54D7 /* DLSupplierqueryController.h */,
				45B262631ECC02B4001E54D7 /* DLSupplierqueryController.m */,
				45B262641ECC02B4001E54D7 /* DLSupplierqueryController.xib */,
			);
			path = Controller;
			sourceTree = "<group>";
		};
		4529169B1EC176F60033314F /* Order */ = {
			isa = PBXGroup;
			children = (
				4529169C1EC176F60033314F /* Controller */,
				4529169D1EC176F60033314F /* Model */,
				4529169E1EC176F60033314F /* View */,
			);
			path = Order;
			sourceTree = "<group>";
		};
		4529169C1EC176F60033314F /* Controller */ = {
			isa = PBXGroup;
			children = (
				45F4CCAC1EC18FB000F4B6BD /* DLOrderViewController.h */,
				45F4CCAD1EC18FB000F4B6BD /* DLOrderViewController.m */,
			);
			path = Controller;
			sourceTree = "<group>";
		};
		4529169D1EC176F60033314F /* Model */ = {
			isa = PBXGroup;
			children = (
			);
			path = Model;
			sourceTree = "<group>";
		};
		4529169E1EC176F60033314F /* View */ = {
			isa = PBXGroup;
			children = (
			);
			path = View;
			sourceTree = "<group>";
		};
		4529169F1EC1773C0033314F /* Toos */ = {
			isa = PBXGroup;
			children = (
				45B262531ECBE7E7001E54D7 /* City */,
				452C65D51EC55DEA00C33B67 /* ClearCache */,
				452916A01EC1773C0033314F /* Device */,
				452916A31EC1773C0033314F /* HUD */,
			);
			path = Toos;
			sourceTree = "<group>";
		};
		452916A01EC1773C0033314F /* Device */ = {
			isa = PBXGroup;
			children = (
				452916A11EC1773C0033314F /* UIDevice+SLExtension.h */,
				452916A21EC1773C0033314F /* UIDevice+SLExtension.m */,
			);
			path = Device;
			sourceTree = "<group>";
		};
		452916A31EC1773C0033314F /* HUD */ = {
			isa = PBXGroup;
			children = (
				452916A41EC1773C0033314F /* UIViewController+BLMHUD.h */,
				452916A51EC1773C0033314F /* UIViewController+BLMHUD.m */,
			);
			path = HUD;
			sourceTree = "<group>";
		};
		452916A81EC177830033314F /* Common */ = {
			isa = PBXGroup;
			children = (
				1CC9F91D1EC217DF002D7EFB /* NSDate+MSExtension.h */,
				1CC9F91E1EC217DF002D7EFB /* NSDate+MSExtension.m */,
				1CC9F91F1EC217DF002D7EFB /* NSString+Extension.h */,
				1CC9F9201EC217DF002D7EFB /* NSString+Extension.m */,
				1CC9F9211EC217DF002D7EFB /* UIBarButtonItem+MSExtension.h */,
				1CC9F9221EC217DF002D7EFB /* UIBarButtonItem+MSExtension.m */,
				1CC9F9231EC217DF002D7EFB /* UIImage+MSExtension.h */,
				1CC9F9241EC217DF002D7EFB /* UIImage+MSExtension.m */,
				1CC9F9251EC217DF002D7EFB /* UIView+LayoutMethods.h */,
				1CC9F9261EC217DF002D7EFB /* UIView+LayoutMethods.m */,
				1CC9F9271EC217DF002D7EFB /* UIView+MSExtension.h */,
				1CC9F9281EC217DF002D7EFB /* UIView+MSExtension.m */,
				1CC9F9291EC217DF002D7EFB /* UIViewController+MSExtension.h */,
				1CC9F92A1EC217DF002D7EFB /* UIViewController+MSExtension.m */,
				1CC9F9191EC21679002D7EFB /* UIColor+MSExtension.h */,
				1CC9F91A1EC21679002D7EFB /* UIColor+MSExtension.m */,
				452916A91EC177830033314F /* UIColor+BLMColor.h */,
				452916AA1EC177830033314F /* UIColor+BLMColor.m */,
			);
			path = Common;
			sourceTree = "<group>";
		};
		452C65A81EC45F6F00C33B67 /* Model */ = {
			isa = PBXGroup;
			children = (
				452C65AB1EC45F8F00C33B67 /* DLMineModel.h */,
				452C65AA1EC45F8F00C33B67 /* DLMineModel.m */,
				452C65C81EC5545C00C33B67 /* MineGeneral.plist */,
				452C65C91EC5545C00C33B67 /* DLGenralModel.h */,
				452C65CA1EC5545C00C33B67 /* DLGenralModel.m */,
				4546E3511EC9B5DB00C7A9A5 /* DLMine.plist */,
			);
			path = Model;
			sourceTree = "<group>";
		};
		452C65A91EC45F6F00C33B67 /* View */ = {
			isa = PBXGroup;
			children = (
				452C65AF1EC45F9700C33B67 /* DLMineCell.h */,
				452C65B01EC45F9700C33B67 /* DLMineCell.m */,
				452C65B11EC45F9700C33B67 /* DLMineCell.xib */,
			);
			path = View;
			sourceTree = "<group>";
		};
		452C65BA1EC46C8600C33B67 /* 相机封装 */ = {
			isa = PBXGroup;
			children = (
				452C65BB1EC46CBC00C33B67 /* BLM_UploadUserIcon.h */,
				452C65BC1EC46CBC00C33B67 /* BLM_UploadUserIcon.m */,
			);
			path = "相机封装";
			sourceTree = "<group>";
		};
		452C65D51EC55DEA00C33B67 /* ClearCache */ = {
			isa = PBXGroup;
			children = (
				452C65D61EC55DFF00C33B67 /* BLMClearCacheTool.h */,
				452C65D71EC55DFF00C33B67 /* BLMClearCacheTool.m */,
			);
			path = ClearCache;
			sourceTree = "<group>";
		};
		45420E911EC996BA0044B9C6 /* shop */ = {
			isa = PBXGroup;
			children = (
				45420E921EC996BA0044B9C6 /* Controller */,
				45420E931EC996BA0044B9C6 /* Model */,
				45420E941EC996BA0044B9C6 /* View */,
			);
			path = shop;
			sourceTree = "<group>";
		};
		45420E921EC996BA0044B9C6 /* Controller */ = {
			isa = PBXGroup;
			children = (
				45420E951EC997AB0044B9C6 /* DLShopViewController.h */,
				45420E961EC997AB0044B9C6 /* DLShopViewController.m */,
			);
			path = Controller;
			sourceTree = "<group>";
		};
		45420E931EC996BA0044B9C6 /* Model */ = {
			isa = PBXGroup;
			children = (
			);
			path = Model;
			sourceTree = "<group>";
		};
		45420E941EC996BA0044B9C6 /* View */ = {
			isa = PBXGroup;
			children = (
			);
			path = View;
			sourceTree = "<group>";
		};
		4546E3651ECAA3A300C7A9A5 /* Controller(二级) */ = {
			isa = PBXGroup;
			children = (
				1CA73B0E1ECAEE38009A5812 /* DLLineEnquiryController.h */,
				1CA73B0C1ECAEBEA009A5812 /* DLLineEnquiryController.m */,
			);
			path = "Controller(二级)";
			sourceTree = "<group>";
		};
		45B262531ECBE7E7001E54D7 /* City */ = {
			isa = PBXGroup;
			children = (
				45B262541ECBE836001E54D7 /* DLBasePickerView.h */,
				45B262551ECBE836001E54D7 /* DLBasePickerView.m */,
				45B262571ECBE8EC001E54D7 /* DLCityPickerView.h */,
				45B262581ECBE8EC001E54D7 /* DLCityPickerView.m */,
			);
			path = City;
			sourceTree = "<group>";
		};
		45F4CC9D1EC18D9100F4B6BD /* Main */ = {
			isa = PBXGroup;
			children = (
				45F4CC9E1EC18D9100F4B6BD /* Controller */,
				45F4CC9F1EC18D9100F4B6BD /* Other */,
			);
			path = Main;
			sourceTree = "<group>";
		};
		45F4CC9E1EC18D9100F4B6BD /* Controller */ = {
			isa = PBXGroup;
			children = (
				45F4CCA31EC18EED00F4B6BD /* DLTabBarController.h */,
				45F4CCA41EC18EED00F4B6BD /* DLTabBarController.m */,
				45F4CCB41EC1913100F4B6BD /* DLNavigationController.h */,
				45F4CCB51EC1913100F4B6BD /* DLNavigationController.m */,
			);
			path = Controller;
			sourceTree = "<group>";
		};
		45F4CC9F1EC18D9100F4B6BD /* Other */ = {
			isa = PBXGroup;
			children = (
				45F4CCA01EC18DF600F4B6BD /* DLNetWorkTool.h */,
				45F4CCA11EC18DF600F4B6BD /* DLNetWorkTool.m */,
			);
			path = Other;
			sourceTree = "<group>";
		};
		45F4CCB31EC1901D00F4B6BD /* Adverstising */ = {
			isa = PBXGroup;
			children = (
			);
			name = Adverstising;
			path = Classes/Adverstising;
			sourceTree = "<group>";
		};
		45F4CCC31EC2B41600F4B6BD /* Other */ = {
			isa = PBXGroup;
			children = (
				452C65BA1EC46C8600C33B67 /* 相机封装 */,
				45F4CD231EC2EBEF00F4B6BD /* 十六进制设置颜色 */,
				45F4CD0B1EC2E00000F4B6BD /* SMS_SDK */,
			);
			path = Other;
			sourceTree = "<group>";
		};
		45F4CD0B1EC2E00000F4B6BD /* SMS_SDK */ = {
			isa = PBXGroup;
			children = (
				45F4CD0C1EC2E00000F4B6BD /* MOBFoundation.framework */,
				45F4CD0D1EC2E00000F4B6BD /* MOBFoundationEx.framework */,
				45F4CD0E1EC2E00000F4B6BD /* SMS_SDK.framework */,
			);
			path = SMS_SDK;
			sourceTree = "<group>";
		};
		45F4CD231EC2EBEF00F4B6BD /* 十六进制设置颜色 */ = {
			isa = PBXGroup;
			children = (
				45F4CD241EC2EBEF00F4B6BD /* UIColor+Addition.h */,
				45F4CD251EC2EBEF00F4B6BD /* UIColor+Addition.m */,
			);
			path = "十六进制设置颜色";
			sourceTree = "<group>";
		};
		74F1D56D433B910FF4899372 /* Frameworks */ = {
			isa = PBXGroup;
			children = (
				45B262511ECBDDE8001E54D7 /* CoreLocation.framework */,
				45F4CD201EC2E08F00F4B6BD /* AdSupport.framework */,
				45F4CD1E1EC2E08400F4B6BD /* CoreTelephony.framework */,
				45F4CD1C1EC2E07600F4B6BD /* SystemConfiguration.framework */,
				45F4CD1A1EC2E06000F4B6BD /* libstdc++.tbd */,
				45F4CD181EC2E04500F4B6BD /* JavaScriptCore.framework */,
				45F4CD161EC2E03900F4B6BD /* MessageUI.framework */,
				45F4CD141EC2E02C00F4B6BD /* libicucore.tbd */,
				45F4CD121EC2E01400F4B6BD /* libz.tbd */,
				DCF0A69B18800572BA7AB443 /* libPods-Dalv.a */,
			);
			name = Frameworks;
			sourceTree = "<group>";
		};
/* End PBXGroup section */

/* Begin PBXNativeTarget section */
		452916721EC1741E0033314F /* Dalv */ = {
			isa = PBXNativeTarget;
			buildConfigurationList = 4529168A1EC1741E0033314F /* Build configuration list for PBXNativeTarget "Dalv" */;
			buildPhases = (
				B00F4BA7C605BC07EBAB7B60 /* [CP] Check Pods Manifest.lock */,
				4529166F1EC1741E0033314F /* Sources */,
				452916701EC1741E0033314F /* Frameworks */,
				452916711EC1741E0033314F /* Resources */,
				5EC3F56243F8732B8BB33001 /* [CP] Embed Pods Frameworks */,
				5C6BECD57187BFBD1FAC1C8E /* [CP] Copy Pods Resources */,
			);
			buildRules = (
			);
			dependencies = (
			);
			name = Dalv;
			productName = Dalv;
			productReference = 452916731EC1741E0033314F /* Dalv.app */;
			productType = "com.apple.product-type.application";
		};
/* End PBXNativeTarget section */

/* Begin PBXProject section */
		4529166B1EC1741E0033314F /* Project object */ = {
			isa = PBXProject;
			attributes = {
				CLASSPREFIX = DL;
				LastUpgradeCheck = 0830;
				ORGANIZATIONNAME = "Michael 柏";
				TargetAttributes = {
					452916721EC1741E0033314F = {
						CreatedOnToolsVersion = 8.3.2;
						DevelopmentTeam = C4FG39LTV3;
						ProvisioningStyle = Manual;
					};
				};
			};
			buildConfigurationList = 4529166E1EC1741E0033314F /* Build configuration list for PBXProject "Dalv" */;
			compatibilityVersion = "Xcode 3.2";
			developmentRegion = English;
			hasScannedForEncodings = 0;
			knownRegions = (
				en,
				Base,
			);
			mainGroup = 4529166A1EC1741E0033314F;
			productRefGroup = 452916741EC1741E0033314F /* Products */;
			projectDirPath = "";
			projectRoot = "";
			targets = (
				452916721EC1741E0033314F /* Dalv */,
			);
		};
/* End PBXProject section */

/* Begin PBXResourcesBuildPhase section */
		452916711EC1741E0033314F /* Resources */ = {
			isa = PBXResourcesBuildPhase;
			buildActionMask = 2147483647;
			files = (
				452C65CC1EC5545C00C33B67 /* MineGeneral.plist in Resources */,
				1C57A3181ECAA80800C959C9 /* lock@2x.png in Resources */,
				1C57A3231ECAA80800C959C9 /* user@3x.png in Resources */,
				1C0B27811EC5B2FC006CDFF1 /* nav_3@3x.png in Resources */,
				4546E3521EC9B5DB00C7A9A5 /* DLMine.plist in Resources */,
				1C0B27851EC5B2FC006CDFF1 /* nav_5@3x.png in Resources */,
				1C57A31D1ECAA80800C959C9 /* login_btn@3x.png in Resources */,
				1CCD81AE1EC2EF01002A80AB /* dalvu_tabar_myorder_pre@2x .png in Resources */,
				45B262661ECC02B4001E54D7 /* DLSupplierqueryController.xib in Resources */,
				1CC9F9121EC20DAD002D7EFB /* Assets.xcassets in Resources */,
				1C57A31B1ECAA80800C959C9 /* login_bj@3x.png in Resources */,
				1C0B27831EC5B2FC006CDFF1 /* nav_4@3x.png in Resources */,
				1C0B277D1EC5B2FC006CDFF1 /* iv_address.png in Resources */,
				1C0B277E1EC5B2FC006CDFF1 /* nav_2@2x.png in Resources */,
				1C0B27821EC5B2FC006CDFF1 /* nav_4@2x.png in Resources */,
				452C65B31EC45F9700C33B67 /* DLMineCell.xib in Resources */,
				1C57A3221ECAA80800C959C9 /* user@2x.png in Resources */,
				1C57A31A1ECAA80800C959C9 /* login_bj@2x.png in Resources */,
				1C0B27841EC5B2FC006CDFF1 /* nav_5@2x.png in Resources */,
				1CC9F9171EC20DC0002D7EFB /* LaunchScreen.storyboard in Resources */,
				1CCD81AC1EC2EF01002A80AB /* dalvu_tabar_my_pre@2x ..png in Resources */,
				45F4CCC11EC1C55300F4B6BD /* DLMineViewController.xib in Resources */,
				1C57A3191ECAA80800C959C9 /* lock@3x.png in Resources */,
				1CCD81A81EC2EF01002A80AB /* dalvu_tabar_finance_pre@2x.png in Resources */,
				1C0B277C1EC5B2FC006CDFF1 /* domestic-travel.png in Resources */,
				1C0B27801EC5B2FC006CDFF1 /* nav_3@2x.png in Resources */,
				1C57A31E1ECAA80800C959C9 /* login_input@2x.png in Resources */,
				1CCD81AA1EC2EF01002A80AB /* dalvu_tabar_homepage_pre@2x .png in Resources */,
				1CCD81AD1EC2EF01002A80AB /* dalvu_tabar_myorder_nor@2x .png in Resources */,
				1CCD81A91EC2EF01002A80AB /* dalvu_tabar_homepage_nor@2x .png in Resources */,
				1CCD81A71EC2EF01002A80AB /* dalvu_tabar_finance_nor@2x.png in Resources */,
				1C57A31F1ECAA80800C959C9 /* login_input@3x.png in Resources */,
				1CCD81AB1EC2EF01002A80AB /* dalvu_tabar_my_nor@2x .png in Resources */,
				1C57A31C1ECAA80800C959C9 /* login_btn@2x.png in Resources */,
				1C0B277F1EC5B2FC006CDFF1 /* nav_2@3x.png in Resources */,
			);
			runOnlyForDeploymentPostprocessing = 0;
		};
/* End PBXResourcesBuildPhase section */

/* Begin PBXShellScriptBuildPhase section */
		5C6BECD57187BFBD1FAC1C8E /* [CP] Copy Pods Resources */ = {
			isa = PBXShellScriptBuildPhase;
			buildActionMask = 2147483647;
			files = (
			);
			inputPaths = (
			);
			name = "[CP] Copy Pods Resources";
			outputPaths = (
			);
			runOnlyForDeploymentPostprocessing = 0;
			shellPath = /bin/sh;
			shellScript = "\"${SRCROOT}/Pods/Target Support Files/Pods-Dalv/Pods-Dalv-resources.sh\"\n";
			showEnvVarsInLog = 0;
		};
		5EC3F56243F8732B8BB33001 /* [CP] Embed Pods Frameworks */ = {
			isa = PBXShellScriptBuildPhase;
			buildActionMask = 2147483647;
			files = (
			);
			inputPaths = (
			);
			name = "[CP] Embed Pods Frameworks";
			outputPaths = (
			);
			runOnlyForDeploymentPostprocessing = 0;
			shellPath = /bin/sh;
			shellScript = "\"${SRCROOT}/Pods/Target Support Files/Pods-Dalv/Pods-Dalv-frameworks.sh\"\n";
			showEnvVarsInLog = 0;
		};
		B00F4BA7C605BC07EBAB7B60 /* [CP] Check Pods Manifest.lock */ = {
			isa = PBXShellScriptBuildPhase;
			buildActionMask = 2147483647;
			files = (
			);
			inputPaths = (
			);
			name = "[CP] Check Pods Manifest.lock";
			outputPaths = (
			);
			runOnlyForDeploymentPostprocessing = 0;
			shellPath = /bin/sh;
			shellScript = "diff \"${PODS_ROOT}/../Podfile.lock\" \"${PODS_ROOT}/Manifest.lock\" > /dev/null\nif [ $? != 0 ] ; then\n    # print error to STDERR\n    echo \"error: The sandbox is not in sync with the Podfile.lock. Run 'pod install' or update your CocoaPods installation.\" >&2\n    exit 1\nfi\n";
			showEnvVarsInLog = 0;
		};
/* End PBXShellScriptBuildPhase section */

/* Begin PBXSourcesBuildPhase section */
		4529166F1EC1741E0033314F /* Sources */ = {
			isa = PBXSourcesBuildPhase;
			buildActionMask = 2147483647;
			files = (
				1C0B275F1EC5B29B006CDFF1 /* DLCityPopMenuView.m in Sources */,
				1CC9F9301EC217DF002D7EFB /* UIView+MSExtension.m in Sources */,
				4546E3611ECA8B2A00C7A9A5 /* DLLineQueryController.m in Sources */,
				452916AB1EC177830033314F /* UIColor+BLMColor.m in Sources */,
				45B262591ECBE8EC001E54D7 /* DLCityPickerView.m in Sources */,
				1C57A3071ECAA0E200C959C9 /* DLLoginViewController.m in Sources */,
				1C0B276E1EC5B2BE006CDFF1 /* DLLineTourViewController.m in Sources */,
				45F4CCC01EC1C55300F4B6BD /* DLMineViewController.m in Sources */,
				1C0B27701EC5B2BE006CDFF1 /* DLRecommendRouteViewController.m in Sources */,
				1CC9F92E1EC217DF002D7EFB /* UIImage+MSExtension.m in Sources */,
				1C0B27571EC5B28B006CDFF1 /* DLHomeMenuItem.m in Sources */,
				4529167B1EC1741E0033314F /* AppDelegate.m in Sources */,
				4546E3581ECA8AE000C7A9A5 /* DLSortController.m in Sources */,
				45F4CD261EC2EBEF00F4B6BD /* UIColor+Addition.m in Sources */,
				452C65D41EC554AF00C33B67 /* DLMineCenterController.m in Sources */,
				1C0B27641EC5B2AE006CDFF1 /* DLRecommendRouteModel.m in Sources */,
				45F4CCA21EC18DF600F4B6BD /* DLNetWorkTool.m in Sources */,
				452916A61EC1773C0033314F /* UIDevice+SLExtension.m in Sources */,
				45B262561ECBE836001E54D7 /* DLBasePickerView.m in Sources */,
				45420E971EC997AB0044B9C6 /* DLShopViewController.m in Sources */,
				452916781EC1741E0033314F /* main.m in Sources */,
				45F4CCAE1EC18FB000F4B6BD /* DLOrderViewController.m in Sources */,
				1CC993171ECBF791004D10F3 /* DLHUDManager.m in Sources */,
				1C0B27581EC5B28B006CDFF1 /* DLHomePageViewModel.m in Sources */,
				1CC9F92F1EC217DF002D7EFB /* UIView+LayoutMethods.m in Sources */,
				1C0B27611EC5B29B006CDFF1 /* DLRecommendRouteCollectionViewCell.m in Sources */,
				452916A71EC1773C0033314F /* UIViewController+BLMHUD.m in Sources */,
				4546E35B1ECA8AF800C7A9A5 /* DLRemmendController.m in Sources */,
				45F4CCA51EC18EED00F4B6BD /* DLTabBarController.m in Sources */,
				4546E3551ECA896700C7A9A5 /* DLChangePersonDataController.m in Sources */,
				1CC9F92C1EC217DF002D7EFB /* NSString+Extension.m in Sources */,
				1C0B276F1EC5B2BE006CDFF1 /* DLMenuViewController.m in Sources */,
				1CA73B0D1ECAEBEA009A5812 /* DLLineEnquiryController.m in Sources */,
				1CC993161ECBF791004D10F3 /* DLAlertView.m in Sources */,
				452C65D31EC554AF00C33B67 /* DLGeneralController.m in Sources */,
				452C65CD1EC5545C00C33B67 /* DLGenralModel.m in Sources */,
				452C65AD1EC45F8F00C33B67 /* DLMineModel.m in Sources */,
				1C0B276D1EC5B2BE006CDFF1 /* DLHomeViewController.m in Sources */,
				452C65B21EC45F9700C33B67 /* DLMineCell.m in Sources */,
				452C65BD1EC46CBC00C33B67 /* BLM_UploadUserIcon.m in Sources */,
				4546E35E1ECA8B1500C7A9A5 /* DLMyCustomerController.m in Sources */,
				1CC9F9311EC217DF002D7EFB /* UIViewController+MSExtension.m in Sources */,
				452C65D81EC55DFF00C33B67 /* BLMClearCacheTool.m in Sources */,
				1CC9F92B1EC217DF002D7EFB /* NSDate+MSExtension.m in Sources */,
				45F4CCB11EC18FC300F4B6BD /* DLFianceViewController.m in Sources */,
				45F4CCB61EC1913100F4B6BD /* DLNavigationController.m in Sources */,
				1CA73B0B1ECAEB19009A5812 /* DLLoginView.m in Sources */,
				1CC9F92D1EC217DF002D7EFB /* UIBarButtonItem+MSExtension.m in Sources */,
				45B262651ECC02B4001E54D7 /* DLSupplierqueryController.m in Sources */,
				1C0B27601EC5B29B006CDFF1 /* DLHomeMenuCollectionViewCell.m in Sources */,
				1CC9F91B1EC21679002D7EFB /* UIColor+MSExtension.m in Sources */,
			);
			runOnlyForDeploymentPostprocessing = 0;
		};
/* End PBXSourcesBuildPhase section */

/* Begin PBXVariantGroup section */
		1CC9F9151EC20DC0002D7EFB /* LaunchScreen.storyboard */ = {
			isa = PBXVariantGroup;
			children = (
				1CC9F9161EC20DC0002D7EFB /* Base */,
			);
			name = LaunchScreen.storyboard;
			sourceTree = "<group>";
		};
/* End PBXVariantGroup section */

/* Begin XCBuildConfiguration section */
		452916881EC1741E0033314F /* Debug */ = {
			isa = XCBuildConfiguration;
			buildSettings = {
				ALWAYS_SEARCH_USER_PATHS = NO;
				CLANG_ANALYZER_NONNULL = YES;
				CLANG_ANALYZER_NUMBER_OBJECT_CONVERSION = YES_AGGRESSIVE;
				CLANG_CXX_LANGUAGE_STANDARD = "gnu++0x";
				CLANG_CXX_LIBRARY = "libc++";
				CLANG_ENABLE_MODULES = YES;
				CLANG_ENABLE_OBJC_ARC = YES;
				CLANG_WARN_BOOL_CONVERSION = YES;
				CLANG_WARN_CONSTANT_CONVERSION = YES;
				CLANG_WARN_DIRECT_OBJC_ISA_USAGE = YES_ERROR;
				CLANG_WARN_DOCUMENTATION_COMMENTS = YES;
				CLANG_WARN_EMPTY_BODY = YES;
				CLANG_WARN_ENUM_CONVERSION = YES;
				CLANG_WARN_INFINITE_RECURSION = YES;
				CLANG_WARN_INT_CONVERSION = YES;
				CLANG_WARN_OBJC_ROOT_CLASS = YES_ERROR;
				CLANG_WARN_SUSPICIOUS_MOVE = YES;
				CLANG_WARN_UNREACHABLE_CODE = YES;
				CLANG_WARN__DUPLICATE_METHOD_MATCH = YES;
				"CODE_SIGN_IDENTITY[sdk=iphoneos*]" = "iPhone Developer";
				COPY_PHASE_STRIP = NO;
				DEBUG_INFORMATION_FORMAT = dwarf;
				ENABLE_STRICT_OBJC_MSGSEND = YES;
				ENABLE_TESTABILITY = YES;
				GCC_C_LANGUAGE_STANDARD = gnu99;
				GCC_DYNAMIC_NO_PIC = NO;
				GCC_NO_COMMON_BLOCKS = YES;
				GCC_OPTIMIZATION_LEVEL = 0;
				GCC_PREPROCESSOR_DEFINITIONS = (
					"DEBUG=1",
					"$(inherited)",
				);
				GCC_WARN_64_TO_32_BIT_CONVERSION = YES;
				GCC_WARN_ABOUT_RETURN_TYPE = YES_ERROR;
				GCC_WARN_UNDECLARED_SELECTOR = YES;
				GCC_WARN_UNINITIALIZED_AUTOS = YES_AGGRESSIVE;
				GCC_WARN_UNUSED_FUNCTION = YES;
				GCC_WARN_UNUSED_VARIABLE = YES;
				IPHONEOS_DEPLOYMENT_TARGET = 10.3;
				MTL_ENABLE_DEBUG_INFO = YES;
				ONLY_ACTIVE_ARCH = YES;
				SDKROOT = iphoneos;
				TARGETED_DEVICE_FAMILY = "1,2";
			};
			name = Debug;
		};
		452916891EC1741E0033314F /* Release */ = {
			isa = XCBuildConfiguration;
			buildSettings = {
				ALWAYS_SEARCH_USER_PATHS = NO;
				CLANG_ANALYZER_NONNULL = YES;
				CLANG_ANALYZER_NUMBER_OBJECT_CONVERSION = YES_AGGRESSIVE;
				CLANG_CXX_LANGUAGE_STANDARD = "gnu++0x";
				CLANG_CXX_LIBRARY = "libc++";
				CLANG_ENABLE_MODULES = YES;
				CLANG_ENABLE_OBJC_ARC = YES;
				CLANG_WARN_BOOL_CONVERSION = YES;
				CLANG_WARN_CONSTANT_CONVERSION = YES;
				CLANG_WARN_DIRECT_OBJC_ISA_USAGE = YES_ERROR;
				CLANG_WARN_DOCUMENTATION_COMMENTS = YES;
				CLANG_WARN_EMPTY_BODY = YES;
				CLANG_WARN_ENUM_CONVERSION = YES;
				CLANG_WARN_INFINITE_RECURSION = YES;
				CLANG_WARN_INT_CONVERSION = YES;
				CLANG_WARN_OBJC_ROOT_CLASS = YES_ERROR;
				CLANG_WARN_SUSPICIOUS_MOVE = YES;
				CLANG_WARN_UNREACHABLE_CODE = YES;
				CLANG_WARN__DUPLICATE_METHOD_MATCH = YES;
				"CODE_SIGN_IDENTITY[sdk=iphoneos*]" = "iPhone Developer";
				COPY_PHASE_STRIP = NO;
				DEBUG_INFORMATION_FORMAT = "dwarf-with-dsym";
				ENABLE_NS_ASSERTIONS = NO;
				ENABLE_STRICT_OBJC_MSGSEND = YES;
				GCC_C_LANGUAGE_STANDARD = gnu99;
				GCC_NO_COMMON_BLOCKS = YES;
				GCC_WARN_64_TO_32_BIT_CONVERSION = YES;
				GCC_WARN_ABOUT_RETURN_TYPE = YES_ERROR;
				GCC_WARN_UNDECLARED_SELECTOR = YES;
				GCC_WARN_UNINITIALIZED_AUTOS = YES_AGGRESSIVE;
				GCC_WARN_UNUSED_FUNCTION = YES;
				GCC_WARN_UNUSED_VARIABLE = YES;
				IPHONEOS_DEPLOYMENT_TARGET = 10.3;
				MTL_ENABLE_DEBUG_INFO = NO;
				SDKROOT = iphoneos;
				TARGETED_DEVICE_FAMILY = "1,2";
				VALIDATE_PRODUCT = YES;
			};
			name = Release;
		};
		4529168B1EC1741E0033314F /* Debug */ = {
			isa = XCBuildConfiguration;
			baseConfigurationReference = D967FFF572244A8610D699C5 /* Pods-Dalv.debug.xcconfig */;
			buildSettings = {
				ASSETCATALOG_COMPILER_APPICON_NAME = AppIcon;
				CODE_SIGN_IDENTITY = "iPhone Developer: fei zhou (9NY3E4S8BD)";
				DEVELOPMENT_TEAM = C4FG39LTV3;
				FRAMEWORK_SEARCH_PATHS = (
					"$(inherited)",
					"$(PROJECT_DIR)/Dalv/Other/SMS_SDK",
				);
				GCC_PREFIX_HEADER = "$(SRCROOT)/Dalv/Dalv-PrefixHeader.pch";
				INFOPLIST_FILE = Dalv/Info.plist;
				IPHONEOS_DEPLOYMENT_TARGET = 8.0;
				LD_RUNPATH_SEARCH_PATHS = "$(inherited) @executable_path/Frameworks";
				PRODUCT_BUNDLE_IDENTIFIER = cn.itcast.Dalv;
				PRODUCT_NAME = "$(TARGET_NAME)";
				PROVISIONING_PROFILE = "99750f11-3311-40ea-94cd-362677a4d88b";
				PROVISIONING_PROFILE_SPECIFIER = nie;
			};
			name = Debug;
		};
		4529168C1EC1741E0033314F /* Release */ = {
			isa = XCBuildConfiguration;
			baseConfigurationReference = 10DAA7CAB930BD0E934FD790 /* Pods-Dalv.release.xcconfig */;
			buildSettings = {
				ASSETCATALOG_COMPILER_APPICON_NAME = AppIcon;
				CODE_SIGN_IDENTITY = "iPhone Developer: fei zhou (9NY3E4S8BD)";
				DEVELOPMENT_TEAM = "";
				FRAMEWORK_SEARCH_PATHS = (
					"$(inherited)",
					"$(PROJECT_DIR)/Dalv/Other/SMS_SDK",
				);
				GCC_PREFIX_HEADER = "$(SRCROOT)/Dalv/Dalv-PrefixHeader.pch";
				INFOPLIST_FILE = Dalv/Info.plist;
				IPHONEOS_DEPLOYMENT_TARGET = 8.0;
				LD_RUNPATH_SEARCH_PATHS = "$(inherited) @executable_path/Frameworks";
				PRODUCT_BUNDLE_IDENTIFIER = cn.itcast.Dalv;
				PRODUCT_NAME = "$(TARGET_NAME)";
				PROVISIONING_PROFILE = "";
				PROVISIONING_PROFILE_SPECIFIER = "";
			};
			name = Release;
		};
/* End XCBuildConfiguration section */

/* Begin XCConfigurationList section */
		4529166E1EC1741E0033314F /* Build configuration list for PBXProject "Dalv" */ = {
			isa = XCConfigurationList;
			buildConfigurations = (
				452916881EC1741E0033314F /* Debug */,
				452916891EC1741E0033314F /* Release */,
			);
			defaultConfigurationIsVisible = 0;
			defaultConfigurationName = Release;
		};
		4529168A1EC1741E0033314F /* Build configuration list for PBXNativeTarget "Dalv" */ = {
			isa = XCConfigurationList;
			buildConfigurations = (
				4529168B1EC1741E0033314F /* Debug */,
				4529168C1EC1741E0033314F /* Release */,
			);
			defaultConfigurationIsVisible = 0;
			defaultConfigurationName = Release;
		};
/* End XCConfigurationList section */
	};
	rootObject = 4529166B1EC1741E0033314F /* Project object */;
}
