PODS:
  - AFNetworking (3.1.0):
    - AFNetworking/NSURLSession (= 3.1.0)
    - AFNetworking/Reachability (= 3.1.0)
    - AFNetworking/Security (= 3.1.0)
    - AFNetworking/Serialization (= 3.1.0)
    - AFNetworking/UIKit (= 3.1.0)
  - AFNetworking/NSURLSession (3.1.0):
    - AFNetworking/Reachability
    - AFNetworking/Security
    - AFNetworking/Serialization
  - AFNetworking/Reachability (3.1.0)
  - AFNetworking/Security (3.1.0)
  - AFNetworking/Serialization (3.1.0)
  - AFNetworking/UIKit (3.1.0):
    - AFNetworking/NSURLSession
  - CocoaLumberjack (2.3.0):
    - CocoaLumberjack/Default (= 2.3.0)
    - CocoaLumberjack/Extensions (= 2.3.0)
  - CocoaLumberjack/Core (2.3.0)
  - CocoaLumberjack/Default (2.3.0):
    - CocoaLumberjack/Core
  - CocoaLumberjack/Extensions (2.3.0):
    - CocoaLumberjack/Default
  - FLEX (2.4.0)
  - IQKeyboardManager (4.0.10)
  - Masonry (1.0.2)
  - MBProgressHUD (1.0.0)
  - MJExtension (3.0.13)
  - MJRefresh (3.1.12)
  - NullSafe (1.2.2)
  - OpenUDID (1.0.0)
  - ReactiveCocoa (2.5):
    - ReactiveCocoa/UI (= 2.5)
  - ReactiveCocoa/Core (2.5):
    - ReactiveCocoa/no-arc
  - ReactiveCocoa/no-arc (2.5)
  - ReactiveCocoa/UI (2.5):
    - ReactiveCocoa/Core
  - SDWebImage (3.8.2):
    - SDWebImage/Core (= 3.8.2)
  - SDWebImage/Core (3.8.2)
  - SVProgressHUD (2.1.2)
  - UMengSocial (5.0)
  - WechatOpenSDK (1.7.8)
  - YYModel (1.0.4)

DEPENDENCIES:
  - AFNetworking (~> 3.1.0)
  - CocoaLumberjack (~> 2.3.0)
  - FLEX
  - IQKeyboardManager (~> 4.0.8)
  - Masonry (~> 1.0.2)
  - MBProgressHUD
  - MJExtension (~> 3.0.13)
  - MJRefresh (~> 3.1.12)
  - NullSafe
  - OpenUDID (~> 1.0.0)
  - ReactiveCocoa (~> 2.5)
  - SDWebImage (~> 3.8.1)
  - SVProgressHUD
  - UMengSocial
  - WechatOpenSDK
  - YYModel

SPEC CHECKSUMS:
  AFNetworking: 5e0e199f73d8626b11e79750991f5d173d1f8b67
  CocoaLumberjack: 97fab7ee5f507fe54445cca7ea80f926729cfd15
  FLEX: bd1a39e55b56bb413b6f1b34b3c10a0dc44ef079
  IQKeyboardManager: 593ee99b88381f4b9ccb22bd680f22606351bd41
  Masonry: 7c429b56da9d4ee0bbb3ed77a5ea710d6a5df39e
  MBProgressHUD: 4890f671c94e8a0f3cf959aa731e9de2f036d71a
  MJExtension: 5932755f451458eefa24239358817f8d291240c7
  MJRefresh: b96cdb21c4aa75a7b07654311ab2f315c497e806
  NullSafe: cbf1f77a24558e49bc76e2673f31250d3087c792
  OpenUDID: e7cb6984c7304906ad20f3a36bf087b025896b6b
  ReactiveCocoa: e2db045570aa97c695e7aa97c2bcab222ae51f4a
  SDWebImage: 098e97e6176540799c27e804c96653ee0833d13c
  SVProgressHUD: c404a55d78acbeb7ebb78b76d3faf986475a6994
  UMengSocial: 48b67179c492a8cf7803fbb0438b8f55432e2fc1
  WechatOpenSDK: ad1e7be1b66416df847ac50830c798b70c9e365e
  YYModel: 2a7fdd96aaa4b86a824e26d0c517de8928c04b30

PODFILE CHECKSUM: f23c2aa4cec5cb1b20e3b1cbdae60463ff8d2ad2

COCOAPODS: 1.1.1
